
Microsoft Visual Studio Solution File, Format Version 11.00
# Visual Studio 2010
Project("{FAE04EC0-301F-11D3-BF4B-00C04F79EFBC}") = "TWAwayDayWeb", "TWAwayDayWeb\TWAwayDayWeb.csproj", "{73C22DEE-1C8C-4431-A563-B06B855405B3}"
EndProject
Project("{2150E333-8FDC-42A3-9474-1A3956D46DE8}") = "SpaceBeans", "SpaceBeans", "{9AA2D63E-0065-4C2A-A7B6-82170CECD6C1}"
	ProjectSection(SolutionItems) = preProject
		SpaceBeans\Rules.pdf = SpaceBeans\Rules.pdf
	EndProjectSection
EndProject
Project("{FAE04EC0-301F-11D3-BF4B-00C04F79EFBC}") = "SpaceBeans", "SpaceBeans\Game\SpaceBeans.csproj", "{573F07AE-0760-4657-B813-ADA206811DED}"
EndProject
Project("{FAE04EC0-301F-11D3-BF4B-00C04F79EFBC}") = "SpaceBeans.Terminal", "SpaceBeans\Terminal\SpaceBeans.Terminal.csproj", "{5BB9039F-026C-4848-89B1-44F8B852DEAD}"
EndProject
Project("{2150E333-8FDC-42A3-9474-1A3956D46DE8}") = "Tests", "Tests", "{4FAF8586-30CB-43AA-ABBC-DD4898E4BC21}"
EndProject
Project("{FAE04EC0-301F-11D3-BF4B-00C04F79EFBC}") = "SpaceBeans.Test", "SpaceBeans\Tests\SpaceBeans.Test\SpaceBeans.Test.csproj", "{8097EA40-FDBF-46DD-A08B-746A3F691848}"
EndProject
Project("{FAE04EC0-301F-11D3-BF4B-00C04F79EFBC}") = "SpaceBeans.Android", "SpaceBeans.Android\SpaceBeans.Android.csproj", "{E80ACB1B-AC80-4059-A7F5-B9A365B29B0A}"
EndProject
Project("{FAE04EC0-301F-11D3-BF4B-00C04F79EFBC}") = "SpaceBeans.MacOS", "SpaceBeans.MacOS\SpaceBeans.MacOS.csproj", "{B1EB5C98-F47F-485D-AE2D-46B4ABF7E78F}"
EndProject
Project("{FAE04EC0-301F-11D3-BF4B-00C04F79EFBC}") = "SpaceBeans.Android.XNA", "SpaceBeans.Android.XNA\SpaceBeans.Android.XNA.csproj", "{C6DB5D92-8297-4AC6-8BB2-4F9ABB4060B6}"
EndProject
Project("{FAE04EC0-301F-11D3-BF4B-00C04F79EFBC}") = "SpaceBeans.iOS.XNA", "SpaceBeans.iOS.XNA\SpaceBeans.iOS.XNA.csproj", "{A81B7AF2-88D8-4031-8084-1BCEC0A5A9A2}"
EndProject
Project("{FAE04EC0-301F-11D3-BF4B-00C04F79EFBC}") = "SpaceBeans.Windows", "SpaceBeans.Windows\SpaceBeans.Windows.csproj", "{29EAB838-DD2F-444D-BA64-ECA45D983703}"
EndProject
Project("{FAE04EC0-301F-11D3-BF4B-00C04F79EFBC}") = "MonoGame.Framework.MacOS", "..\MonoGame\MonoGame.Framework\MonoGame.Framework.MacOS.csproj", "{36C538E6-C32A-4A8D-A39C-566173D7118E}"
EndProject
Project("{FAE04EC0-301F-11D3-BF4B-00C04F79EFBC}") = "Lidgren.Network.MacOS", "..\MonoGame\ThirdParty\Lidgren.Network\Lidgren.Network.MacOS.csproj", "{AE483C29-042E-4226-BA52-D247CE7676DA}"
EndProject
Project("{FAE04EC0-301F-11D3-BF4B-00C04F79EFBC}") = "MonoGame.Framework.WindowsGL", "..\MonoGame\MonoGame.Framework\MonoGame.Framework.WindowsGL.csproj", "{7DE47032-A904-4C29-BD22-2D235E8D91BA}"
EndProject
Global
	GlobalSection(SolutionConfigurationPlatforms) = preSolution
		Debug|Any CPU = Debug|Any CPU
		Release|Any CPU = Release|Any CPU
		AppStore|Any CPU = AppStore|Any CPU
		Distribution|Any CPU = Distribution|Any CPU
		Debug|iPhoneSimulator = Debug|iPhoneSimulator
		Release|iPhoneSimulator = Release|iPhoneSimulator
		Debug|iPhone = Debug|iPhone
		Release|iPhone = Release|iPhone
		Ad-Hoc|iPhone = Ad-Hoc|iPhone
		AppStore|iPhone = AppStore|iPhone
		Debug|x86 = Debug|x86
		Release|x86 = Release|x86
	EndGlobalSection
	GlobalSection(ProjectConfigurationPlatforms) = postSolution
		{29EAB838-DD2F-444D-BA64-ECA45D983703}.Ad-Hoc|iPhone.ActiveCfg = Debug|Any CPU
		{29EAB838-DD2F-444D-BA64-ECA45D983703}.Ad-Hoc|iPhone.Build.0 = Debug|Any CPU
		{29EAB838-DD2F-444D-BA64-ECA45D983703}.AppStore|Any CPU.ActiveCfg = Debug|Any CPU
		{29EAB838-DD2F-444D-BA64-ECA45D983703}.AppStore|Any CPU.Build.0 = Debug|Any CPU
		{29EAB838-DD2F-444D-BA64-ECA45D983703}.AppStore|iPhone.ActiveCfg = Debug|Any CPU
		{29EAB838-DD2F-444D-BA64-ECA45D983703}.AppStore|iPhone.Build.0 = Debug|Any CPU
		{29EAB838-DD2F-444D-BA64-ECA45D983703}.Debug|Any CPU.ActiveCfg = Debug|Any CPU
		{29EAB838-DD2F-444D-BA64-ECA45D983703}.Debug|Any CPU.Build.0 = Debug|Any CPU
		{29EAB838-DD2F-444D-BA64-ECA45D983703}.Debug|iPhone.ActiveCfg = Debug|Any CPU
		{29EAB838-DD2F-444D-BA64-ECA45D983703}.Debug|iPhone.Build.0 = Debug|Any CPU
		{29EAB838-DD2F-444D-BA64-ECA45D983703}.Debug|iPhoneSimulator.ActiveCfg = Debug|Any CPU
		{29EAB838-DD2F-444D-BA64-ECA45D983703}.Debug|iPhoneSimulator.Build.0 = Debug|Any CPU
		{29EAB838-DD2F-444D-BA64-ECA45D983703}.Debug|x86.ActiveCfg = Debug|Any CPU
		{29EAB838-DD2F-444D-BA64-ECA45D983703}.Debug|x86.Build.0 = Debug|Any CPU
		{29EAB838-DD2F-444D-BA64-ECA45D983703}.Distribution|Any CPU.ActiveCfg = Debug|Any CPU
		{29EAB838-DD2F-444D-BA64-ECA45D983703}.Distribution|Any CPU.Build.0 = Debug|Any CPU
		{29EAB838-DD2F-444D-BA64-ECA45D983703}.Release|Any CPU.ActiveCfg = Release|Any CPU
		{29EAB838-DD2F-444D-BA64-ECA45D983703}.Release|Any CPU.Build.0 = Release|Any CPU
		{29EAB838-DD2F-444D-BA64-ECA45D983703}.Release|iPhone.ActiveCfg = Release|Any CPU
		{29EAB838-DD2F-444D-BA64-ECA45D983703}.Release|iPhone.Build.0 = Release|Any CPU
		{29EAB838-DD2F-444D-BA64-ECA45D983703}.Release|iPhoneSimulator.ActiveCfg = Release|Any CPU
		{29EAB838-DD2F-444D-BA64-ECA45D983703}.Release|iPhoneSimulator.Build.0 = Release|Any CPU
		{29EAB838-DD2F-444D-BA64-ECA45D983703}.Release|x86.ActiveCfg = Release|Any CPU
		{29EAB838-DD2F-444D-BA64-ECA45D983703}.Release|x86.Build.0 = Release|Any CPU
		{36C538E6-C32A-4A8D-A39C-566173D7118E}.Ad-Hoc|iPhone.ActiveCfg = Debug|Any CPU
		{36C538E6-C32A-4A8D-A39C-566173D7118E}.Ad-Hoc|iPhone.Build.0 = Debug|Any CPU
		{36C538E6-C32A-4A8D-A39C-566173D7118E}.AppStore|Any CPU.ActiveCfg = Debug|Any CPU
		{36C538E6-C32A-4A8D-A39C-566173D7118E}.AppStore|Any CPU.Build.0 = Debug|Any CPU
		{36C538E6-C32A-4A8D-A39C-566173D7118E}.AppStore|iPhone.ActiveCfg = Debug|Any CPU
		{36C538E6-C32A-4A8D-A39C-566173D7118E}.AppStore|iPhone.Build.0 = Debug|Any CPU
		{36C538E6-C32A-4A8D-A39C-566173D7118E}.Debug|Any CPU.ActiveCfg = Debug|Any CPU
		{36C538E6-C32A-4A8D-A39C-566173D7118E}.Debug|Any CPU.Build.0 = Debug|Any CPU
		{36C538E6-C32A-4A8D-A39C-566173D7118E}.Debug|iPhone.ActiveCfg = Debug|Any CPU
		{36C538E6-C32A-4A8D-A39C-566173D7118E}.Debug|iPhone.Build.0 = Debug|Any CPU
		{36C538E6-C32A-4A8D-A39C-566173D7118E}.Debug|iPhoneSimulator.ActiveCfg = Debug|Any CPU
		{36C538E6-C32A-4A8D-A39C-566173D7118E}.Debug|iPhoneSimulator.Build.0 = Debug|Any CPU
		{36C538E6-C32A-4A8D-A39C-566173D7118E}.Debug|x86.ActiveCfg = Debug|Any CPU
		{36C538E6-C32A-4A8D-A39C-566173D7118E}.Debug|x86.Build.0 = Debug|Any CPU
		{36C538E6-C32A-4A8D-A39C-566173D7118E}.Distribution|Any CPU.ActiveCfg = Distribution|Any CPU
		{36C538E6-C32A-4A8D-A39C-566173D7118E}.Distribution|Any CPU.Build.0 = Distribution|Any CPU
		{36C538E6-C32A-4A8D-A39C-566173D7118E}.Release|Any CPU.ActiveCfg = Release|Any CPU
		{36C538E6-C32A-4A8D-A39C-566173D7118E}.Release|Any CPU.Build.0 = Release|Any CPU
		{36C538E6-C32A-4A8D-A39C-566173D7118E}.Release|iPhone.ActiveCfg = Release|Any CPU
		{36C538E6-C32A-4A8D-A39C-566173D7118E}.Release|iPhone.Build.0 = Release|Any CPU
		{36C538E6-C32A-4A8D-A39C-566173D7118E}.Release|iPhoneSimulator.ActiveCfg = Release|Any CPU
		{36C538E6-C32A-4A8D-A39C-566173D7118E}.Release|iPhoneSimulator.Build.0 = Release|Any CPU
		{36C538E6-C32A-4A8D-A39C-566173D7118E}.Release|x86.ActiveCfg = Release|Any CPU
		{36C538E6-C32A-4A8D-A39C-566173D7118E}.Release|x86.Build.0 = Release|Any CPU
		{573F07AE-0760-4657-B813-ADA206811DED}.Ad-Hoc|iPhone.ActiveCfg = Debug|Any CPU
		{573F07AE-0760-4657-B813-ADA206811DED}.Ad-Hoc|iPhone.Build.0 = Debug|Any CPU
		{573F07AE-0760-4657-B813-ADA206811DED}.AppStore|Any CPU.ActiveCfg = Debug|Any CPU
		{573F07AE-0760-4657-B813-ADA206811DED}.AppStore|Any CPU.Build.0 = Debug|Any CPU
		{573F07AE-0760-4657-B813-ADA206811DED}.AppStore|iPhone.ActiveCfg = Debug|Any CPU
		{573F07AE-0760-4657-B813-ADA206811DED}.AppStore|iPhone.Build.0 = Debug|Any CPU
		{573F07AE-0760-4657-B813-ADA206811DED}.Debug|Any CPU.ActiveCfg = Debug|Any CPU
		{573F07AE-0760-4657-B813-ADA206811DED}.Debug|Any CPU.Build.0 = Debug|Any CPU
		{573F07AE-0760-4657-B813-ADA206811DED}.Debug|iPhone.ActiveCfg = Debug|Any CPU
		{573F07AE-0760-4657-B813-ADA206811DED}.Debug|iPhone.Build.0 = Debug|Any CPU
		{573F07AE-0760-4657-B813-ADA206811DED}.Debug|iPhoneSimulator.ActiveCfg = Debug|Any CPU
		{573F07AE-0760-4657-B813-ADA206811DED}.Debug|iPhoneSimulator.Build.0 = Debug|Any CPU
		{573F07AE-0760-4657-B813-ADA206811DED}.Debug|x86.ActiveCfg = Debug|Any CPU
		{573F07AE-0760-4657-B813-ADA206811DED}.Debug|x86.Build.0 = Debug|Any CPU
		{573F07AE-0760-4657-B813-ADA206811DED}.Distribution|Any CPU.ActiveCfg = Debug|Any CPU
		{573F07AE-0760-4657-B813-ADA206811DED}.Distribution|Any CPU.Build.0 = Debug|Any CPU
		{573F07AE-0760-4657-B813-ADA206811DED}.Release|Any CPU.ActiveCfg = Release|Any CPU
		{573F07AE-0760-4657-B813-ADA206811DED}.Release|Any CPU.Build.0 = Release|Any CPU
		{573F07AE-0760-4657-B813-ADA206811DED}.Release|iPhone.ActiveCfg = Release|Any CPU
		{573F07AE-0760-4657-B813-ADA206811DED}.Release|iPhone.Build.0 = Release|Any CPU
		{573F07AE-0760-4657-B813-ADA206811DED}.Release|iPhoneSimulator.ActiveCfg = Release|Any CPU
		{573F07AE-0760-4657-B813-ADA206811DED}.Release|iPhoneSimulator.Build.0 = Release|Any CPU
		{573F07AE-0760-4657-B813-ADA206811DED}.Release|x86.ActiveCfg = Release|Any CPU
		{573F07AE-0760-4657-B813-ADA206811DED}.Release|x86.Build.0 = Release|Any CPU
		{5BB9039F-026C-4848-89B1-44F8B852DEAD}.Ad-Hoc|iPhone.ActiveCfg = Debug|Any CPU
		{5BB9039F-026C-4848-89B1-44F8B852DEAD}.Ad-Hoc|iPhone.Build.0 = Debug|Any CPU
		{5BB9039F-026C-4848-89B1-44F8B852DEAD}.AppStore|Any CPU.ActiveCfg = Debug|Any CPU
		{5BB9039F-026C-4848-89B1-44F8B852DEAD}.AppStore|Any CPU.Build.0 = Debug|Any CPU
		{5BB9039F-026C-4848-89B1-44F8B852DEAD}.AppStore|iPhone.ActiveCfg = Debug|Any CPU
		{5BB9039F-026C-4848-89B1-44F8B852DEAD}.AppStore|iPhone.Build.0 = Debug|Any CPU
		{5BB9039F-026C-4848-89B1-44F8B852DEAD}.Debug|Any CPU.ActiveCfg = Debug|Any CPU
		{5BB9039F-026C-4848-89B1-44F8B852DEAD}.Debug|Any CPU.Build.0 = Debug|Any CPU
		{5BB9039F-026C-4848-89B1-44F8B852DEAD}.Debug|iPhone.ActiveCfg = Debug|Any CPU
		{5BB9039F-026C-4848-89B1-44F8B852DEAD}.Debug|iPhone.Build.0 = Debug|Any CPU
		{5BB9039F-026C-4848-89B1-44F8B852DEAD}.Debug|iPhoneSimulator.ActiveCfg = Debug|Any CPU
		{5BB9039F-026C-4848-89B1-44F8B852DEAD}.Debug|iPhoneSimulator.Build.0 = Debug|Any CPU
		{5BB9039F-026C-4848-89B1-44F8B852DEAD}.Debug|x86.ActiveCfg = Debug|Any CPU
		{5BB9039F-026C-4848-89B1-44F8B852DEAD}.Debug|x86.Build.0 = Debug|Any CPU
		{5BB9039F-026C-4848-89B1-44F8B852DEAD}.Distribution|Any CPU.ActiveCfg = Debug|Any CPU
		{5BB9039F-026C-4848-89B1-44F8B852DEAD}.Distribution|Any CPU.Build.0 = Debug|Any CPU
		{5BB9039F-026C-4848-89B1-44F8B852DEAD}.Release|Any CPU.ActiveCfg = Release|Any CPU
		{5BB9039F-026C-4848-89B1-44F8B852DEAD}.Release|Any CPU.Build.0 = Release|Any CPU
		{5BB9039F-026C-4848-89B1-44F8B852DEAD}.Release|iPhone.ActiveCfg = Release|Any CPU
		{5BB9039F-026C-4848-89B1-44F8B852DEAD}.Release|iPhone.Build.0 = Release|Any CPU
		{5BB9039F-026C-4848-89B1-44F8B852DEAD}.Release|iPhoneSimulator.ActiveCfg = Release|Any CPU
		{5BB9039F-026C-4848-89B1-44F8B852DEAD}.Release|iPhoneSimulator.Build.0 = Release|Any CPU
		{5BB9039F-026C-4848-89B1-44F8B852DEAD}.Release|x86.ActiveCfg = Release|Any CPU
		{5BB9039F-026C-4848-89B1-44F8B852DEAD}.Release|x86.Build.0 = Release|Any CPU
		{73C22DEE-1C8C-4431-A563-B06B855405B3}.Ad-Hoc|iPhone.ActiveCfg = Debug|Any CPU
		{73C22DEE-1C8C-4431-A563-B06B855405B3}.Ad-Hoc|iPhone.Build.0 = Debug|Any CPU
		{73C22DEE-1C8C-4431-A563-B06B855405B3}.AppStore|Any CPU.ActiveCfg = Debug|Any CPU
		{73C22DEE-1C8C-4431-A563-B06B855405B3}.AppStore|Any CPU.Build.0 = Debug|Any CPU
		{73C22DEE-1C8C-4431-A563-B06B855405B3}.AppStore|iPhone.ActiveCfg = Debug|Any CPU
		{73C22DEE-1C8C-4431-A563-B06B855405B3}.AppStore|iPhone.Build.0 = Debug|Any CPU
		{73C22DEE-1C8C-4431-A563-B06B855405B3}.Debug|Any CPU.ActiveCfg = Debug|Any CPU
		{73C22DEE-1C8C-4431-A563-B06B855405B3}.Debug|Any CPU.Build.0 = Debug|Any CPU
		{73C22DEE-1C8C-4431-A563-B06B855405B3}.Debug|iPhone.ActiveCfg = Debug|Any CPU
		{73C22DEE-1C8C-4431-A563-B06B855405B3}.Debug|iPhone.Build.0 = Debug|Any CPU
		{73C22DEE-1C8C-4431-A563-B06B855405B3}.Debug|iPhoneSimulator.ActiveCfg = Debug|Any CPU
		{73C22DEE-1C8C-4431-A563-B06B855405B3}.Debug|iPhoneSimulator.Build.0 = Debug|Any CPU
		{73C22DEE-1C8C-4431-A563-B06B855405B3}.Debug|x86.ActiveCfg = Debug|Any CPU
		{73C22DEE-1C8C-4431-A563-B06B855405B3}.Debug|x86.Build.0 = Debug|Any CPU
		{73C22DEE-1C8C-4431-A563-B06B855405B3}.Distribution|Any CPU.ActiveCfg = Debug|Any CPU
		{73C22DEE-1C8C-4431-A563-B06B855405B3}.Distribution|Any CPU.Build.0 = Debug|Any CPU
		{73C22DEE-1C8C-4431-A563-B06B855405B3}.Release|Any CPU.ActiveCfg = Release|Any CPU
		{73C22DEE-1C8C-4431-A563-B06B855405B3}.Release|Any CPU.Build.0 = Release|Any CPU
		{73C22DEE-1C8C-4431-A563-B06B855405B3}.Release|iPhone.ActiveCfg = Release|Any CPU
		{73C22DEE-1C8C-4431-A563-B06B855405B3}.Release|iPhone.Build.0 = Release|Any CPU
		{73C22DEE-1C8C-4431-A563-B06B855405B3}.Release|iPhoneSimulator.ActiveCfg = Release|Any CPU
		{73C22DEE-1C8C-4431-A563-B06B855405B3}.Release|iPhoneSimulator.Build.0 = Release|Any CPU
		{73C22DEE-1C8C-4431-A563-B06B855405B3}.Release|x86.ActiveCfg = Release|Any CPU
		{73C22DEE-1C8C-4431-A563-B06B855405B3}.Release|x86.Build.0 = Release|Any CPU
		{7DE47032-A904-4C29-BD22-2D235E8D91BA}.Ad-Hoc|iPhone.ActiveCfg = Debug|Any CPU
		{7DE47032-A904-4C29-BD22-2D235E8D91BA}.Ad-Hoc|iPhone.Build.0 = Debug|Any CPU
		{7DE47032-A904-4C29-BD22-2D235E8D91BA}.AppStore|Any CPU.ActiveCfg = Debug|Any CPU
		{7DE47032-A904-4C29-BD22-2D235E8D91BA}.AppStore|Any CPU.Build.0 = Debug|Any CPU
		{7DE47032-A904-4C29-BD22-2D235E8D91BA}.AppStore|iPhone.ActiveCfg = Debug|Any CPU
		{7DE47032-A904-4C29-BD22-2D235E8D91BA}.AppStore|iPhone.Build.0 = Debug|Any CPU
		{7DE47032-A904-4C29-BD22-2D235E8D91BA}.Debug|Any CPU.ActiveCfg = Debug|Any CPU
		{7DE47032-A904-4C29-BD22-2D235E8D91BA}.Debug|Any CPU.Build.0 = Debug|Any CPU
		{7DE47032-A904-4C29-BD22-2D235E8D91BA}.Debug|iPhone.ActiveCfg = Debug|Any CPU
		{7DE47032-A904-4C29-BD22-2D235E8D91BA}.Debug|iPhone.Build.0 = Debug|Any CPU
		{7DE47032-A904-4C29-BD22-2D235E8D91BA}.Debug|iPhoneSimulator.ActiveCfg = Debug|Any CPU
		{7DE47032-A904-4C29-BD22-2D235E8D91BA}.Debug|iPhoneSimulator.Build.0 = Debug|Any CPU
		{7DE47032-A904-4C29-BD22-2D235E8D91BA}.Debug|x86.ActiveCfg = Debug|x86
		{7DE47032-A904-4C29-BD22-2D235E8D91BA}.Debug|x86.Build.0 = Debug|x86
		{7DE47032-A904-4C29-BD22-2D235E8D91BA}.Distribution|Any CPU.ActiveCfg = Debug|Any CPU
		{7DE47032-A904-4C29-BD22-2D235E8D91BA}.Distribution|Any CPU.Build.0 = Debug|Any CPU
		{7DE47032-A904-4C29-BD22-2D235E8D91BA}.Release|Any CPU.ActiveCfg = Release|Any CPU
		{7DE47032-A904-4C29-BD22-2D235E8D91BA}.Release|Any CPU.Build.0 = Release|Any CPU
		{7DE47032-A904-4C29-BD22-2D235E8D91BA}.Release|iPhone.ActiveCfg = Release|Any CPU
		{7DE47032-A904-4C29-BD22-2D235E8D91BA}.Release|iPhone.Build.0 = Release|Any CPU
		{7DE47032-A904-4C29-BD22-2D235E8D91BA}.Release|iPhoneSimulator.ActiveCfg = Release|Any CPU
		{7DE47032-A904-4C29-BD22-2D235E8D91BA}.Release|iPhoneSimulator.Build.0 = Release|Any CPU
		{7DE47032-A904-4C29-BD22-2D235E8D91BA}.Release|x86.ActiveCfg = Release|x86
		{7DE47032-A904-4C29-BD22-2D235E8D91BA}.Release|x86.Build.0 = Release|x86
		{8097EA40-FDBF-46DD-A08B-746A3F691848}.Ad-Hoc|iPhone.ActiveCfg = Debug|Any CPU
		{8097EA40-FDBF-46DD-A08B-746A3F691848}.Ad-Hoc|iPhone.Build.0 = Debug|Any CPU
		{8097EA40-FDBF-46DD-A08B-746A3F691848}.AppStore|Any CPU.ActiveCfg = Debug|Any CPU
		{8097EA40-FDBF-46DD-A08B-746A3F691848}.AppStore|Any CPU.Build.0 = Debug|Any CPU
		{8097EA40-FDBF-46DD-A08B-746A3F691848}.AppStore|iPhone.ActiveCfg = Debug|Any CPU
		{8097EA40-FDBF-46DD-A08B-746A3F691848}.AppStore|iPhone.Build.0 = Debug|Any CPU
		{8097EA40-FDBF-46DD-A08B-746A3F691848}.Debug|Any CPU.ActiveCfg = Debug|Any CPU
		{8097EA40-FDBF-46DD-A08B-746A3F691848}.Debug|Any CPU.Build.0 = Debug|Any CPU
		{8097EA40-FDBF-46DD-A08B-746A3F691848}.Debug|iPhone.ActiveCfg = Debug|Any CPU
		{8097EA40-FDBF-46DD-A08B-746A3F691848}.Debug|iPhone.Build.0 = Debug|Any CPU
		{8097EA40-FDBF-46DD-A08B-746A3F691848}.Debug|iPhoneSimulator.ActiveCfg = Debug|Any CPU
		{8097EA40-FDBF-46DD-A08B-746A3F691848}.Debug|iPhoneSimulator.Build.0 = Debug|Any CPU
		{8097EA40-FDBF-46DD-A08B-746A3F691848}.Debug|x86.ActiveCfg = Debug|Any CPU
		{8097EA40-FDBF-46DD-A08B-746A3F691848}.Debug|x86.Build.0 = Debug|Any CPU
		{8097EA40-FDBF-46DD-A08B-746A3F691848}.Distribution|Any CPU.ActiveCfg = Debug|Any CPU
		{8097EA40-FDBF-46DD-A08B-746A3F691848}.Distribution|Any CPU.Build.0 = Debug|Any CPU
		{8097EA40-FDBF-46DD-A08B-746A3F691848}.Release|Any CPU.ActiveCfg = Release|Any CPU
		{8097EA40-FDBF-46DD-A08B-746A3F691848}.Release|Any CPU.Build.0 = Release|Any CPU
		{8097EA40-FDBF-46DD-A08B-746A3F691848}.Release|iPhone.ActiveCfg = Release|Any CPU
		{8097EA40-FDBF-46DD-A08B-746A3F691848}.Release|iPhone.Build.0 = Release|Any CPU
		{8097EA40-FDBF-46DD-A08B-746A3F691848}.Release|iPhoneSimulator.ActiveCfg = Release|Any CPU
		{8097EA40-FDBF-46DD-A08B-746A3F691848}.Release|iPhoneSimulator.Build.0 = Release|Any CPU
		{8097EA40-FDBF-46DD-A08B-746A3F691848}.Release|x86.ActiveCfg = Release|Any CPU
		{8097EA40-FDBF-46DD-A08B-746A3F691848}.Release|x86.Build.0 = Release|Any CPU
		{A81B7AF2-88D8-4031-8084-1BCEC0A5A9A2}.Ad-Hoc|iPhone.ActiveCfg = Ad-Hoc|iPhone
		{A81B7AF2-88D8-4031-8084-1BCEC0A5A9A2}.Ad-Hoc|iPhone.Build.0 = Ad-Hoc|iPhone
		{A81B7AF2-88D8-4031-8084-1BCEC0A5A9A2}.AppStore|Any CPU.ActiveCfg = AppStore|iPhone
		{A81B7AF2-88D8-4031-8084-1BCEC0A5A9A2}.AppStore|Any CPU.Build.0 = AppStore|iPhone
		{A81B7AF2-88D8-4031-8084-1BCEC0A5A9A2}.AppStore|iPhone.ActiveCfg = AppStore|iPhone
		{A81B7AF2-88D8-4031-8084-1BCEC0A5A9A2}.AppStore|iPhone.Build.0 = AppStore|iPhone
		{A81B7AF2-88D8-4031-8084-1BCEC0A5A9A2}.Debug|Any CPU.ActiveCfg = Debug|iPhoneSimulator
		{A81B7AF2-88D8-4031-8084-1BCEC0A5A9A2}.Debug|Any CPU.Build.0 = Debug|iPhoneSimulator
		{A81B7AF2-88D8-4031-8084-1BCEC0A5A9A2}.Debug|iPhone.ActiveCfg = Debug|iPhone
		{A81B7AF2-88D8-4031-8084-1BCEC0A5A9A2}.Debug|iPhone.Build.0 = Debug|iPhone
		{A81B7AF2-88D8-4031-8084-1BCEC0A5A9A2}.Debug|iPhoneSimulator.ActiveCfg = Debug|iPhoneSimulator
		{A81B7AF2-88D8-4031-8084-1BCEC0A5A9A2}.Debug|iPhoneSimulator.Build.0 = Debug|iPhoneSimulator
		{A81B7AF2-88D8-4031-8084-1BCEC0A5A9A2}.Debug|x86.ActiveCfg = Debug|iPhoneSimulator
		{A81B7AF2-88D8-4031-8084-1BCEC0A5A9A2}.Debug|x86.Build.0 = Debug|iPhoneSimulator
		{A81B7AF2-88D8-4031-8084-1BCEC0A5A9A2}.Distribution|Any CPU.ActiveCfg = Debug|iPhoneSimulator
		{A81B7AF2-88D8-4031-8084-1BCEC0A5A9A2}.Distribution|Any CPU.Build.0 = Debug|iPhoneSimulator
		{A81B7AF2-88D8-4031-8084-1BCEC0A5A9A2}.Release|Any CPU.ActiveCfg = Release|iPhoneSimulator
		{A81B7AF2-88D8-4031-8084-1BCEC0A5A9A2}.Release|Any CPU.Build.0 = Release|iPhoneSimulator
		{A81B7AF2-88D8-4031-8084-1BCEC0A5A9A2}.Release|iPhone.ActiveCfg = Release|iPhone
		{A81B7AF2-88D8-4031-8084-1BCEC0A5A9A2}.Release|iPhone.Build.0 = Release|iPhone
		{A81B7AF2-88D8-4031-8084-1BCEC0A5A9A2}.Release|iPhoneSimulator.ActiveCfg = Release|iPhoneSimulator
		{A81B7AF2-88D8-4031-8084-1BCEC0A5A9A2}.Release|iPhoneSimulator.Build.0 = Release|iPhoneSimulator
		{A81B7AF2-88D8-4031-8084-1BCEC0A5A9A2}.Release|x86.ActiveCfg = Release|iPhoneSimulator
		{A81B7AF2-88D8-4031-8084-1BCEC0A5A9A2}.Release|x86.Build.0 = Release|iPhoneSimulator
		{AE483C29-042E-4226-BA52-D247CE7676DA}.Ad-Hoc|iPhone.ActiveCfg = Debug|Any CPU
		{AE483C29-042E-4226-BA52-D247CE7676DA}.Ad-Hoc|iPhone.Build.0 = Debug|Any CPU
		{AE483C29-042E-4226-BA52-D247CE7676DA}.AppStore|Any CPU.ActiveCfg = Debug|Any CPU
		{AE483C29-042E-4226-BA52-D247CE7676DA}.AppStore|Any CPU.Build.0 = Debug|Any CPU
		{AE483C29-042E-4226-BA52-D247CE7676DA}.AppStore|iPhone.ActiveCfg = Debug|Any CPU
		{AE483C29-042E-4226-BA52-D247CE7676DA}.AppStore|iPhone.Build.0 = Debug|Any CPU
		{AE483C29-042E-4226-BA52-D247CE7676DA}.Debug|Any CPU.ActiveCfg = Debug|Any CPU
		{AE483C29-042E-4226-BA52-D247CE7676DA}.Debug|Any CPU.Build.0 = Debug|Any CPU
		{AE483C29-042E-4226-BA52-D247CE7676DA}.Debug|iPhone.ActiveCfg = Debug|Any CPU
		{AE483C29-042E-4226-BA52-D247CE7676DA}.Debug|iPhone.Build.0 = Debug|Any CPU
		{AE483C29-042E-4226-BA52-D247CE7676DA}.Debug|iPhoneSimulator.ActiveCfg = Debug|Any CPU
		{AE483C29-042E-4226-BA52-D247CE7676DA}.Debug|iPhoneSimulator.Build.0 = Debug|Any CPU
		{AE483C29-042E-4226-BA52-D247CE7676DA}.Debug|x86.ActiveCfg = Debug|Any CPU
		{AE483C29-042E-4226-BA52-D247CE7676DA}.Debug|x86.Build.0 = Debug|Any CPU
		{AE483C29-042E-4226-BA52-D247CE7676DA}.Distribution|Any CPU.ActiveCfg = Debug|Any CPU
		{AE483C29-042E-4226-BA52-D247CE7676DA}.Distribution|Any CPU.Build.0 = Debug|Any CPU
		{AE483C29-042E-4226-BA52-D247CE7676DA}.Release|Any CPU.ActiveCfg = Release|Any CPU
		{AE483C29-042E-4226-BA52-D247CE7676DA}.Release|Any CPU.Build.0 = Release|Any CPU
		{AE483C29-042E-4226-BA52-D247CE7676DA}.Release|iPhone.ActiveCfg = Release|Any CPU
		{AE483C29-042E-4226-BA52-D247CE7676DA}.Release|iPhone.Build.0 = Release|Any CPU
		{AE483C29-042E-4226-BA52-D247CE7676DA}.Release|iPhoneSimulator.ActiveCfg = Release|Any CPU
		{AE483C29-042E-4226-BA52-D247CE7676DA}.Release|iPhoneSimulator.Build.0 = Release|Any CPU
		{AE483C29-042E-4226-BA52-D247CE7676DA}.Release|x86.ActiveCfg = Release|Any CPU
		{AE483C29-042E-4226-BA52-D247CE7676DA}.Release|x86.Build.0 = Release|Any CPU
		{B1EB5C98-F47F-485D-AE2D-46B4ABF7E78F}.Ad-Hoc|iPhone.ActiveCfg = Debug|Any CPU
		{B1EB5C98-F47F-485D-AE2D-46B4ABF7E78F}.Ad-Hoc|iPhone.Build.0 = Debug|Any CPU
		{B1EB5C98-F47F-485D-AE2D-46B4ABF7E78F}.AppStore|Any CPU.ActiveCfg = AppStore|Any CPU
		{B1EB5C98-F47F-485D-AE2D-46B4ABF7E78F}.AppStore|Any CPU.Build.0 = AppStore|Any CPU
		{B1EB5C98-F47F-485D-AE2D-46B4ABF7E78F}.AppStore|iPhone.ActiveCfg = AppStore|Any CPU
		{B1EB5C98-F47F-485D-AE2D-46B4ABF7E78F}.AppStore|iPhone.Build.0 = AppStore|Any CPU
		{B1EB5C98-F47F-485D-AE2D-46B4ABF7E78F}.Debug|Any CPU.ActiveCfg = Debug|Any CPU
		{B1EB5C98-F47F-485D-AE2D-46B4ABF7E78F}.Debug|Any CPU.Build.0 = Debug|Any CPU
		{B1EB5C98-F47F-485D-AE2D-46B4ABF7E78F}.Debug|iPhone.ActiveCfg = Debug|Any CPU
		{B1EB5C98-F47F-485D-AE2D-46B4ABF7E78F}.Debug|iPhone.Build.0 = Debug|Any CPU
		{B1EB5C98-F47F-485D-AE2D-46B4ABF7E78F}.Debug|iPhoneSimulator.ActiveCfg = Debug|Any CPU
		{B1EB5C98-F47F-485D-AE2D-46B4ABF7E78F}.Debug|iPhoneSimulator.Build.0 = Debug|Any CPU
		{B1EB5C98-F47F-485D-AE2D-46B4ABF7E78F}.Debug|x86.ActiveCfg = Debug|Any CPU
		{B1EB5C98-F47F-485D-AE2D-46B4ABF7E78F}.Debug|x86.Build.0 = Debug|Any CPU
		{B1EB5C98-F47F-485D-AE2D-46B4ABF7E78F}.Distribution|Any CPU.ActiveCfg = Debug|Any CPU
		{B1EB5C98-F47F-485D-AE2D-46B4ABF7E78F}.Distribution|Any CPU.Build.0 = Debug|Any CPU
		{B1EB5C98-F47F-485D-AE2D-46B4ABF7E78F}.Release|Any CPU.ActiveCfg = Release|Any CPU
		{B1EB5C98-F47F-485D-AE2D-46B4ABF7E78F}.Release|Any CPU.Build.0 = Release|Any CPU
		{B1EB5C98-F47F-485D-AE2D-46B4ABF7E78F}.Release|iPhone.ActiveCfg = Release|Any CPU
		{B1EB5C98-F47F-485D-AE2D-46B4ABF7E78F}.Release|iPhone.Build.0 = Release|Any CPU
		{B1EB5C98-F47F-485D-AE2D-46B4ABF7E78F}.Release|iPhoneSimulator.ActiveCfg = Release|Any CPU
		{B1EB5C98-F47F-485D-AE2D-46B4ABF7E78F}.Release|iPhoneSimulator.Build.0 = Release|Any CPU
		{B1EB5C98-F47F-485D-AE2D-46B4ABF7E78F}.Release|x86.ActiveCfg = Release|Any CPU
		{B1EB5C98-F47F-485D-AE2D-46B4ABF7E78F}.Release|x86.Build.0 = Release|Any CPU
		{C6DB5D92-8297-4AC6-8BB2-4F9ABB4060B6}.Ad-Hoc|iPhone.ActiveCfg = Debug|Any CPU
		{C6DB5D92-8297-4AC6-8BB2-4F9ABB4060B6}.Ad-Hoc|iPhone.Build.0 = Debug|Any CPU
		{C6DB5D92-8297-4AC6-8BB2-4F9ABB4060B6}.AppStore|Any CPU.ActiveCfg = Debug|Any CPU
		{C6DB5D92-8297-4AC6-8BB2-4F9ABB4060B6}.AppStore|Any CPU.Build.0 = Debug|Any CPU
		{C6DB5D92-8297-4AC6-8BB2-4F9ABB4060B6}.AppStore|iPhone.ActiveCfg = Debug|Any CPU
		{C6DB5D92-8297-4AC6-8BB2-4F9ABB4060B6}.AppStore|iPhone.Build.0 = Debug|Any CPU
		{C6DB5D92-8297-4AC6-8BB2-4F9ABB4060B6}.Debug|Any CPU.ActiveCfg = Debug|Any CPU
		{C6DB5D92-8297-4AC6-8BB2-4F9ABB4060B6}.Debug|Any CPU.Build.0 = Debug|Any CPU
		{C6DB5D92-8297-4AC6-8BB2-4F9ABB4060B6}.Debug|iPhone.ActiveCfg = Debug|Any CPU
		{C6DB5D92-8297-4AC6-8BB2-4F9ABB4060B6}.Debug|iPhone.Build.0 = Debug|Any CPU
		{C6DB5D92-8297-4AC6-8BB2-4F9ABB4060B6}.Debug|iPhoneSimulator.ActiveCfg = Debug|Any CPU
		{C6DB5D92-8297-4AC6-8BB2-4F9ABB4060B6}.Debug|iPhoneSimulator.Build.0 = Debug|Any CPU
		{C6DB5D92-8297-4AC6-8BB2-4F9ABB4060B6}.Debug|x86.ActiveCfg = Debug|Any CPU
		{C6DB5D92-8297-4AC6-8BB2-4F9ABB4060B6}.Debug|x86.Build.0 = Debug|Any CPU
		{C6DB5D92-8297-4AC6-8BB2-4F9ABB4060B6}.Distribution|Any CPU.ActiveCfg = Debug|Any CPU
		{C6DB5D92-8297-4AC6-8BB2-4F9ABB4060B6}.Distribution|Any CPU.Build.0 = Debug|Any CPU
		{C6DB5D92-8297-4AC6-8BB2-4F9ABB4060B6}.Release|Any CPU.ActiveCfg = Release|Any CPU
		{C6DB5D92-8297-4AC6-8BB2-4F9ABB4060B6}.Release|Any CPU.Build.0 = Release|Any CPU
		{C6DB5D92-8297-4AC6-8BB2-4F9ABB4060B6}.Release|iPhone.ActiveCfg = Release|Any CPU
		{C6DB5D92-8297-4AC6-8BB2-4F9ABB4060B6}.Release|iPhone.Build.0 = Release|Any CPU
		{C6DB5D92-8297-4AC6-8BB2-4F9ABB4060B6}.Release|iPhoneSimulator.ActiveCfg = Release|Any CPU
		{C6DB5D92-8297-4AC6-8BB2-4F9ABB4060B6}.Release|iPhoneSimulator.Build.0 = Release|Any CPU
		{C6DB5D92-8297-4AC6-8BB2-4F9ABB4060B6}.Release|x86.ActiveCfg = Release|Any CPU
		{C6DB5D92-8297-4AC6-8BB2-4F9ABB4060B6}.Release|x86.Build.0 = Release|Any CPU
		{E80ACB1B-AC80-4059-A7F5-B9A365B29B0A}.Ad-Hoc|iPhone.ActiveCfg = Debug|Any CPU
		{E80ACB1B-AC80-4059-A7F5-B9A365B29B0A}.Ad-Hoc|iPhone.Build.0 = Debug|Any CPU
		{E80ACB1B-AC80-4059-A7F5-B9A365B29B0A}.AppStore|Any CPU.ActiveCfg = Debug|Any CPU
		{E80ACB1B-AC80-4059-A7F5-B9A365B29B0A}.AppStore|Any CPU.Build.0 = Debug|Any CPU
		{E80ACB1B-AC80-4059-A7F5-B9A365B29B0A}.AppStore|iPhone.ActiveCfg = Debug|Any CPU
		{E80ACB1B-AC80-4059-A7F5-B9A365B29B0A}.AppStore|iPhone.Build.0 = Debug|Any CPU
		{E80ACB1B-AC80-4059-A7F5-B9A365B29B0A}.Debug|Any CPU.ActiveCfg = Debug|Any CPU
		{E80ACB1B-AC80-4059-A7F5-B9A365B29B0A}.Debug|Any CPU.Build.0 = Debug|Any CPU
		{E80ACB1B-AC80-4059-A7F5-B9A365B29B0A}.Debug|Any CPU.Deploy.0 = Debug|Any CPU
		{E80ACB1B-AC80-4059-A7F5-B9A365B29B0A}.Debug|iPhone.ActiveCfg = Debug|Any CPU
		{E80ACB1B-AC80-4059-A7F5-B9A365B29B0A}.Debug|iPhone.Build.0 = Debug|Any CPU
		{E80ACB1B-AC80-4059-A7F5-B9A365B29B0A}.Debug|iPhoneSimulator.ActiveCfg = Debug|Any CPU
		{E80ACB1B-AC80-4059-A7F5-B9A365B29B0A}.Debug|iPhoneSimulator.Build.0 = Debug|Any CPU
		{E80ACB1B-AC80-4059-A7F5-B9A365B29B0A}.Debug|x86.ActiveCfg = Debug|Any CPU
		{E80ACB1B-AC80-4059-A7F5-B9A365B29B0A}.Debug|x86.Build.0 = Debug|Any CPU
		{E80ACB1B-AC80-4059-A7F5-B9A365B29B0A}.Distribution|Any CPU.ActiveCfg = Debug|Any CPU
		{E80ACB1B-AC80-4059-A7F5-B9A365B29B0A}.Distribution|Any CPU.Build.0 = Debug|Any CPU
		{E80ACB1B-AC80-4059-A7F5-B9A365B29B0A}.Release|Any CPU.ActiveCfg = Release|Any CPU
		{E80ACB1B-AC80-4059-A7F5-B9A365B29B0A}.Release|Any CPU.Build.0 = Release|Any CPU
		{E80ACB1B-AC80-4059-A7F5-B9A365B29B0A}.Release|Any CPU.Deploy.0 = Release|Any CPU
		{E80ACB1B-AC80-4059-A7F5-B9A365B29B0A}.Release|iPhone.ActiveCfg = Release|Any CPU
		{E80ACB1B-AC80-4059-A7F5-B9A365B29B0A}.Release|iPhone.Build.0 = Release|Any CPU
		{E80ACB1B-AC80-4059-A7F5-B9A365B29B0A}.Release|iPhoneSimulator.ActiveCfg = Release|Any CPU
		{E80ACB1B-AC80-4059-A7F5-B9A365B29B0A}.Release|iPhoneSimulator.Build.0 = Release|Any CPU
		{E80ACB1B-AC80-4059-A7F5-B9A365B29B0A}.Release|x86.ActiveCfg = Release|Any CPU
		{E80ACB1B-AC80-4059-A7F5-B9A365B29B0A}.Release|x86.Build.0 = Release|Any CPU
	EndGlobalSection
	GlobalSection(NestedProjects) = preSolution
		{573F07AE-0760-4657-B813-ADA206811DED} = {9AA2D63E-0065-4C2A-A7B6-82170CECD6C1}
		{5BB9039F-026C-4848-89B1-44F8B852DEAD} = {9AA2D63E-0065-4C2A-A7B6-82170CECD6C1}
		{4FAF8586-30CB-43AA-ABBC-DD4898E4BC21} = {9AA2D63E-0065-4C2A-A7B6-82170CECD6C1}
		{E80ACB1B-AC80-4059-A7F5-B9A365B29B0A} = {9AA2D63E-0065-4C2A-A7B6-82170CECD6C1}
		{B1EB5C98-F47F-485D-AE2D-46B4ABF7E78F} = {9AA2D63E-0065-4C2A-A7B6-82170CECD6C1}
		{C6DB5D92-8297-4AC6-8BB2-4F9ABB4060B6} = {9AA2D63E-0065-4C2A-A7B6-82170CECD6C1}
		{A81B7AF2-88D8-4031-8084-1BCEC0A5A9A2} = {9AA2D63E-0065-4C2A-A7B6-82170CECD6C1}
		{29EAB838-DD2F-444D-BA64-ECA45D983703} = {9AA2D63E-0065-4C2A-A7B6-82170CECD6C1}
		{8097EA40-FDBF-46DD-A08B-746A3F691848} = {4FAF8586-30CB-43AA-ABBC-DD4898E4BC21}
	EndGlobalSection
	GlobalSection(MonoDevelopProperties) = preSolution
		StartupItem = TWAwayDayWeb\TWAwayDayWeb.csproj
	EndGlobalSection
	GlobalSection(SolutionProperties) = preSolution
		HideSolutionNode = FALSE
	EndGlobalSection
EndGlobal
