
Microsoft Visual Studio Solution File, Format Version 12.00
# Visual Studio 2012
Project("{FAE04EC0-301F-11D3-BF4B-00C04F79EFBC}") = "TWAwayDayWeb", "TWAwayDayWeb\TWAwayDayWeb.csproj", "{73C22DEE-1C8C-4431-A563-B06B855405B3}"
EndProject
Project("{2150E333-8FDC-42A3-9474-1A3956D46DE8}") = "SpaceBeans", "SpaceBeans", "{9AA2D63E-0065-4C2A-A7B6-82170CECD6C1}"
	ProjectSection(SolutionItems) = preProject
		SpaceBeans\Rules.pdf = SpaceBeans\Rules.pdf
	EndProjectSection
EndProject
Project("{FAE04EC0-301F-11D3-BF4B-00C04F79EFBC}") = "SpaceBeans", "SpaceBeans\Game\SpaceBeans.csproj", "{573F07AE-0760-4657-B813-ADA206811DED}"
EndProject
Project("{FAE04EC0-301F-11D3-BF4B-00C04F79EFBC}") = "SpaceBeans.Terminal", "SpaceBeans\Terminal\SpaceBeans.Terminal.csproj", "{5BB9039F-026C-4848-89B1-44F8B852DEAD}"
EndProject
Project("{2150E333-8FDC-42A3-9474-1A3956D46DE8}") = "Tests", "Tests", "{4FAF8586-30CB-43AA-ABBC-DD4898E4BC21}"
EndProject
Project("{FAE04EC0-301F-11D3-BF4B-00C04F79EFBC}") = "SpaceBeans.Test", "SpaceBeans\Tests\SpaceBeans.Test\SpaceBeans.Test.csproj", "{8097EA40-FDBF-46DD-A08B-746A3F691848}"
EndProject
Project("{FAE04EC0-301F-11D3-BF4B-00C04F79EFBC}") = "SpaceBeans.Android", "SpaceBeans.Android\SpaceBeans.Android.csproj", "{E80ACB1B-AC80-4059-A7F5-B9A365B29B0A}"
EndProject
Project("{FAE04EC0-301F-11D3-BF4B-00C04F79EFBC}") = "SpaceBeans.Server", "SpaceBeans.Server\SpaceBeans.Server.csproj", "{94B42281-900B-40A4-856D-3950B74EB8EA}"
EndProject
Project("{FAE04EC0-301F-11D3-BF4B-00C04F79EFBC}") = "SpaceBeans.Remote", "SpaceBeans.Remote\SpaceBeans.Remote.csproj", "{A1531FEE-8850-4F2E-AD82-9208FA826678}"
EndProject
Project("{FAE04EC0-301F-11D3-BF4B-00C04F79EFBC}") = "SpaceBeans.iOS.XNA", "SpaceBeans.iOS.XNA\SpaceBeans.iOS.XNA.csproj", "{A81B7AF2-88D8-4031-8084-1BCEC0A5A9A2}"
EndProject
Project("{FAE04EC0-301F-11D3-BF4B-00C04F79EFBC}") = "SpaceBeans.Server", "SpaceBeans.Server\SpaceBeans.Server.csproj", "{94B42281-900B-40A4-856D-3950B74EB8EA}"
EndProject
Project("{FAE04EC0-301F-11D3-BF4B-00C04F79EFBC}") = "SpaceBeans.Remote", "SpaceBeans.Remote\SpaceBeans.Remote.csproj", "{A1531FEE-8850-4F2E-AD82-9208FA826678}"
EndProject
Project("{FAE04EC0-301F-11D3-BF4B-00C04F79EFBC}") = "SpaceBeans.XNA", "SpaceBeans.XNA\SpaceBeans.XNA.csproj", "{47194B3E-F287-44FB-B76E-1AB714D0F202}"
EndProject
Project("{FAE04EC0-301F-11D3-BF4B-00C04F79EFBC}") = "SpaceBeans.Android.XNA", "SpaceBeans.Android.XNA\SpaceBeans.Android.XNA.csproj", "{C6DB5D92-8297-4AC6-8BB2-4F9ABB4060B6}"
EndProject
Project("{FAE04EC0-301F-11D3-BF4B-00C04F79EFBC}") = "SpaceBeans.MacOS", "SpaceBeans.MacOS\SpaceBeans.MacOS.csproj", "{B1EB5C98-F47F-485D-AE2D-46B4ABF7E78F}"
EndProject
Global
	GlobalSection(SolutionConfigurationPlatforms) = preSolution
		Debug|Any CPU = Debug|Any CPU
		Release|Any CPU = Release|Any CPU
		Debug|iPhoneSimulator = Debug|iPhoneSimulator
		Release|iPhoneSimulator = Release|iPhoneSimulator
		Debug|iPhone = Debug|iPhone
		Release|iPhone = Release|iPhone
		Project("{FAE04EC0-301F-11D3-BF4B-00C04F79EFBC}")|Any CPU = Project("{FAE04EC0-301F-11D3-BF4B-00C04F79EFBC}")|Any CPU
		EndProject|Any CPU = EndProject|Any CPU
		Project("{2150E333-8FDC-42A3-9474-1A3956D46DE8}")|Any CPU = Project("{2150E333-8FDC-42A3-9474-1A3956D46DE8}")|Any CPU
		Global|Any CPU = Global|Any CPU
		GlobalSection(SolutionConfigurationPlatforms)|Any CPU = GlobalSection(SolutionConfigurationPlatforms)|Any CPU
		Ad-Hoc|Any CPU = Ad-Hoc|Any CPU
		Ad-Hoc|iPhone = Ad-Hoc|iPhone
		Ad-Hoc|iPhoneSimulator = Ad-Hoc|iPhoneSimulator
		Ad-Hoc|x86 = Ad-Hoc|x86
		AppStore|Any CPU = AppStore|Any CPU
		AppStore|iPhone = AppStore|iPhone
		AppStore|iPhoneSimulator = AppStore|iPhoneSimulator
		AppStore|x86 = AppStore|x86
		Debug|x86 = Debug|x86
		Distribution|Any CPU = Distribution|Any CPU
		Distribution|iPhone = Distribution|iPhone
		Distribution|iPhoneSimulator = Distribution|iPhoneSimulator
		Distribution|x86 = Distribution|x86
		Release|x86 = Release|x86
	EndGlobalSection
	GlobalSection(ProjectConfigurationPlatforms) = postSolution
		{47194B3E-F287-44FB-B76E-1AB714D0F202}.Ad-Hoc|Any CPU.ActiveCfg = Release|Any CPU
		{47194B3E-F287-44FB-B76E-1AB714D0F202}.Ad-Hoc|Any CPU.Build.0 = Release|Any CPU
		{47194B3E-F287-44FB-B76E-1AB714D0F202}.Ad-Hoc|iPhone.ActiveCfg = Release|Any CPU
		{47194B3E-F287-44FB-B76E-1AB714D0F202}.Ad-Hoc|iPhoneSimulator.ActiveCfg = Release|Any CPU
		{47194B3E-F287-44FB-B76E-1AB714D0F202}.Ad-Hoc|x86.ActiveCfg = Release|Any CPU
		{47194B3E-F287-44FB-B76E-1AB714D0F202}.AppStore|Any CPU.ActiveCfg = Release|Any CPU
		{47194B3E-F287-44FB-B76E-1AB714D0F202}.AppStore|Any CPU.Build.0 = Release|Any CPU
		{47194B3E-F287-44FB-B76E-1AB714D0F202}.AppStore|iPhone.ActiveCfg = Release|Any CPU
		{47194B3E-F287-44FB-B76E-1AB714D0F202}.AppStore|iPhoneSimulator.ActiveCfg = Release|Any CPU
		{47194B3E-F287-44FB-B76E-1AB714D0F202}.AppStore|x86.ActiveCfg = Release|Any CPU
		{47194B3E-F287-44FB-B76E-1AB714D0F202}.Debug|Any CPU.ActiveCfg = Debug|Any CPU
		{47194B3E-F287-44FB-B76E-1AB714D0F202}.Debug|Any CPU.Build.0 = Debug|Any CPU
		{47194B3E-F287-44FB-B76E-1AB714D0F202}.Debug|iPhone.ActiveCfg = Debug|Any CPU
		{47194B3E-F287-44FB-B76E-1AB714D0F202}.Debug|iPhoneSimulator.ActiveCfg = Debug|Any CPU
		{47194B3E-F287-44FB-B76E-1AB714D0F202}.Debug|x86.ActiveCfg = Debug|Any CPU
		{47194B3E-F287-44FB-B76E-1AB714D0F202}.Distribution|Any CPU.ActiveCfg = Debug|Any CPU
		{47194B3E-F287-44FB-B76E-1AB714D0F202}.Distribution|Any CPU.Build.0 = Debug|Any CPU
		{47194B3E-F287-44FB-B76E-1AB714D0F202}.Distribution|iPhone.ActiveCfg = Debug|Any CPU
		{47194B3E-F287-44FB-B76E-1AB714D0F202}.Distribution|iPhoneSimulator.ActiveCfg = Debug|Any CPU
		{47194B3E-F287-44FB-B76E-1AB714D0F202}.Distribution|x86.ActiveCfg = Debug|Any CPU
		{47194B3E-F287-44FB-B76E-1AB714D0F202}.Release|Any CPU.ActiveCfg = Release|Any CPU
		{47194B3E-F287-44FB-B76E-1AB714D0F202}.Release|Any CPU.Build.0 = Release|Any CPU
		{47194B3E-F287-44FB-B76E-1AB714D0F202}.Release|iPhone.ActiveCfg = Release|Any CPU
		{47194B3E-F287-44FB-B76E-1AB714D0F202}.Release|iPhoneSimulator.ActiveCfg = Release|Any CPU
		{47194B3E-F287-44FB-B76E-1AB714D0F202}.Release|x86.ActiveCfg = Release|Any CPU
		{573F07AE-0760-4657-B813-ADA206811DED}.Ad-Hoc|Any CPU.ActiveCfg = Release|Any CPU
		{573F07AE-0760-4657-B813-ADA206811DED}.Ad-Hoc|iPhone.ActiveCfg = Debug|Any CPU
		{573F07AE-0760-4657-B813-ADA206811DED}.Ad-Hoc|iPhoneSimulator.ActiveCfg = Release|Any CPU
		{573F07AE-0760-4657-B813-ADA206811DED}.Ad-Hoc|x86.ActiveCfg = Release|Any CPU
		{573F07AE-0760-4657-B813-ADA206811DED}.AppStore|Any CPU.ActiveCfg = Debug|Any CPU
		{573F07AE-0760-4657-B813-ADA206811DED}.AppStore|iPhone.ActiveCfg = Debug|Any CPU
		{573F07AE-0760-4657-B813-ADA206811DED}.AppStore|iPhoneSimulator.ActiveCfg = Release|Any CPU
		{573F07AE-0760-4657-B813-ADA206811DED}.AppStore|x86.ActiveCfg = Release|Any CPU
		{573F07AE-0760-4657-B813-ADA206811DED}.Debug|Any CPU.ActiveCfg = Debug|Any CPU
		{573F07AE-0760-4657-B813-ADA206811DED}.Debug|Any CPU.Build.0 = Debug|Any CPU
		{573F07AE-0760-4657-B813-ADA206811DED}.Debug|iPhone.ActiveCfg = Debug|Any CPU
		{573F07AE-0760-4657-B813-ADA206811DED}.Debug|iPhoneSimulator.ActiveCfg = Debug|Any CPU
		{573F07AE-0760-4657-B813-ADA206811DED}.Debug|iPhoneSimulator.Build.0 = Debug|Any CPU
		{573F07AE-0760-4657-B813-ADA206811DED}.Debug|x86.ActiveCfg = Debug|Any CPU
		{573F07AE-0760-4657-B813-ADA206811DED}.Distribution|Any CPU.ActiveCfg = Debug|Any CPU
		{573F07AE-0760-4657-B813-ADA206811DED}.Distribution|iPhone.ActiveCfg = Debug|Any CPU
		{573F07AE-0760-4657-B813-ADA206811DED}.Distribution|iPhoneSimulator.ActiveCfg = Debug|Any CPU
		{573F07AE-0760-4657-B813-ADA206811DED}.Distribution|x86.ActiveCfg = Debug|Any CPU
		{573F07AE-0760-4657-B813-ADA206811DED}.Release|Any CPU.ActiveCfg = Release|Any CPU
		{573F07AE-0760-4657-B813-ADA206811DED}.Release|Any CPU.Build.0 = Release|Any CPU
		{573F07AE-0760-4657-B813-ADA206811DED}.Release|iPhone.ActiveCfg = Release|Any CPU
		{573F07AE-0760-4657-B813-ADA206811DED}.Release|iPhoneSimulator.ActiveCfg = Release|Any CPU
		{573F07AE-0760-4657-B813-ADA206811DED}.Release|iPhoneSimulator.Build.0 = Release|Any CPU
		{573F07AE-0760-4657-B813-ADA206811DED}.Release|x86.ActiveCfg = Release|Any CPU
		{5BB9039F-026C-4848-89B1-44F8B852DEAD}.Ad-Hoc|Any CPU.ActiveCfg = Debug|Any CPU
		{5BB9039F-026C-4848-89B1-44F8B852DEAD}.Ad-Hoc|Any CPU.Build.0 = Debug|Any CPU
		{5BB9039F-026C-4848-89B1-44F8B852DEAD}.Ad-Hoc|iPhone.ActiveCfg = Debug|Any CPU
		{5BB9039F-026C-4848-89B1-44F8B852DEAD}.Ad-Hoc|iPhone.Build.0 = Debug|Any CPU
		{5BB9039F-026C-4848-89B1-44F8B852DEAD}.Ad-Hoc|iPhoneSimulator.ActiveCfg = Release|Any CPU
		{5BB9039F-026C-4848-89B1-44F8B852DEAD}.Ad-Hoc|iPhoneSimulator.Build.0 = Release|Any CPU
		{5BB9039F-026C-4848-89B1-44F8B852DEAD}.Ad-Hoc|x86.ActiveCfg = Release|Any CPU
		{5BB9039F-026C-4848-89B1-44F8B852DEAD}.Ad-Hoc|x86.Build.0 = Release|Any CPU
		{5BB9039F-026C-4848-89B1-44F8B852DEAD}.AppStore|Any CPU.ActiveCfg = Debug|Any CPU
		{5BB9039F-026C-4848-89B1-44F8B852DEAD}.AppStore|Any CPU.Build.0 = Debug|Any CPU
		{5BB9039F-026C-4848-89B1-44F8B852DEAD}.AppStore|iPhone.ActiveCfg = Debug|Any CPU
		{5BB9039F-026C-4848-89B1-44F8B852DEAD}.AppStore|iPhone.Build.0 = Debug|Any CPU
		{5BB9039F-026C-4848-89B1-44F8B852DEAD}.AppStore|iPhoneSimulator.ActiveCfg = Release|Any CPU
		{5BB9039F-026C-4848-89B1-44F8B852DEAD}.AppStore|iPhoneSimulator.Build.0 = Release|Any CPU
		{5BB9039F-026C-4848-89B1-44F8B852DEAD}.AppStore|x86.ActiveCfg = Release|Any CPU
		{5BB9039F-026C-4848-89B1-44F8B852DEAD}.AppStore|x86.Build.0 = Release|Any CPU
		{5BB9039F-026C-4848-89B1-44F8B852DEAD}.Debug|Any CPU.ActiveCfg = Debug|Any CPU
		{5BB9039F-026C-4848-89B1-44F8B852DEAD}.Debug|Any CPU.Build.0 = Debug|Any CPU
		{5BB9039F-026C-4848-89B1-44F8B852DEAD}.Debug|iPhone.ActiveCfg = Debug|Any CPU
		{5BB9039F-026C-4848-89B1-44F8B852DEAD}.Debug|iPhone.Build.0 = Debug|Any CPU
		{5BB9039F-026C-4848-89B1-44F8B852DEAD}.Debug|iPhoneSimulator.ActiveCfg = Debug|Any CPU
		{5BB9039F-026C-4848-89B1-44F8B852DEAD}.Debug|iPhoneSimulator.Build.0 = Debug|Any CPU
		{5BB9039F-026C-4848-89B1-44F8B852DEAD}.Debug|x86.ActiveCfg = Debug|Any CPU
		{5BB9039F-026C-4848-89B1-44F8B852DEAD}.Debug|x86.Build.0 = Debug|Any CPU
		{5BB9039F-026C-4848-89B1-44F8B852DEAD}.Distribution|Any CPU.ActiveCfg = Debug|Any CPU
		{5BB9039F-026C-4848-89B1-44F8B852DEAD}.Distribution|Any CPU.Build.0 = Debug|Any CPU
		{5BB9039F-026C-4848-89B1-44F8B852DEAD}.Distribution|iPhone.ActiveCfg = Debug|Any CPU
		{5BB9039F-026C-4848-89B1-44F8B852DEAD}.Distribution|iPhone.Build.0 = Debug|Any CPU
		{5BB9039F-026C-4848-89B1-44F8B852DEAD}.Distribution|iPhoneSimulator.ActiveCfg = Debug|Any CPU
		{5BB9039F-026C-4848-89B1-44F8B852DEAD}.Distribution|iPhoneSimulator.Build.0 = Debug|Any CPU
		{5BB9039F-026C-4848-89B1-44F8B852DEAD}.Distribution|x86.ActiveCfg = Debug|Any CPU
		{5BB9039F-026C-4848-89B1-44F8B852DEAD}.Distribution|x86.Build.0 = Debug|Any CPU
		{5BB9039F-026C-4848-89B1-44F8B852DEAD}.Release|Any CPU.ActiveCfg = Release|Any CPU
		{5BB9039F-026C-4848-89B1-44F8B852DEAD}.Release|Any CPU.Build.0 = Release|Any CPU
		{5BB9039F-026C-4848-89B1-44F8B852DEAD}.Release|iPhone.ActiveCfg = Release|Any CPU
		{5BB9039F-026C-4848-89B1-44F8B852DEAD}.Release|iPhone.Build.0 = Release|Any CPU
		{5BB9039F-026C-4848-89B1-44F8B852DEAD}.Release|iPhoneSimulator.ActiveCfg = Release|Any CPU
		{5BB9039F-026C-4848-89B1-44F8B852DEAD}.Release|iPhoneSimulator.Build.0 = Release|Any CPU
		{5BB9039F-026C-4848-89B1-44F8B852DEAD}.Release|x86.ActiveCfg = Release|Any CPU
		{5BB9039F-026C-4848-89B1-44F8B852DEAD}.Release|x86.Build.0 = Release|Any CPU
		{73C22DEE-1C8C-4431-A563-B06B855405B3}.Ad-Hoc|iPhone.ActiveCfg = Debug|Any CPU
		{73C22DEE-1C8C-4431-A563-B06B855405B3}.Ad-Hoc|iPhone.Build.0 = Debug|Any CPU
		{73C22DEE-1C8C-4431-A563-B06B855405B3}.AppStore|iPhone.ActiveCfg = Debug|Any CPU
		{73C22DEE-1C8C-4431-A563-B06B855405B3}.AppStore|iPhone.Build.0 = Debug|Any CPU
		{73C22DEE-1C8C-4431-A563-B06B855405B3}.Debug|Any CPU.ActiveCfg = Debug|Any CPU
		{73C22DEE-1C8C-4431-A563-B06B855405B3}.Debug|Any CPU.Build.0 = Debug|Any CPU
		{73C22DEE-1C8C-4431-A563-B06B855405B3}.Debug|iPhone.ActiveCfg = Debug|Any CPU
		{73C22DEE-1C8C-4431-A563-B06B855405B3}.Debug|iPhone.Build.0 = Debug|Any CPU
		{73C22DEE-1C8C-4431-A563-B06B855405B3}.Debug|iPhoneSimulator.ActiveCfg = Debug|Any CPU
		{73C22DEE-1C8C-4431-A563-B06B855405B3}.Debug|iPhoneSimulator.Build.0 = Debug|Any CPU
		{73C22DEE-1C8C-4431-A563-B06B855405B3}.Release|Any CPU.ActiveCfg = Release|Any CPU
		{73C22DEE-1C8C-4431-A563-B06B855405B3}.Release|Any CPU.Build.0 = Release|Any CPU
		{73C22DEE-1C8C-4431-A563-B06B855405B3}.Release|iPhone.ActiveCfg = Release|Any CPU
		{73C22DEE-1C8C-4431-A563-B06B855405B3}.Release|iPhone.Build.0 = Release|Any CPU
		{73C22DEE-1C8C-4431-A563-B06B855405B3}.Release|iPhoneSimulator.ActiveCfg = Release|Any CPU
		{73C22DEE-1C8C-4431-A563-B06B855405B3}.Release|iPhoneSimulator.Build.0 = Release|Any CPU
		{8097EA40-FDBF-46DD-A08B-746A3F691848}.Ad-Hoc|Any CPU.ActiveCfg = Release|Any CPU
		{8097EA40-FDBF-46DD-A08B-746A3F691848}.Ad-Hoc|iPhone.ActiveCfg = Debug|Any CPU
		{8097EA40-FDBF-46DD-A08B-746A3F691848}.Ad-Hoc|iPhone.Build.0 = Debug|Any CPU
		{8097EA40-FDBF-46DD-A08B-746A3F691848}.Ad-Hoc|iPhoneSimulator.ActiveCfg = Release|Any CPU
		{8097EA40-FDBF-46DD-A08B-746A3F691848}.Ad-Hoc|x86.ActiveCfg = Release|Any CPU
		{8097EA40-FDBF-46DD-A08B-746A3F691848}.AppStore|Any CPU.ActiveCfg = Debug|Any CPU
		{8097EA40-FDBF-46DD-A08B-746A3F691848}.AppStore|iPhone.ActiveCfg = Debug|Any CPU
		{8097EA40-FDBF-46DD-A08B-746A3F691848}.AppStore|iPhoneSimulator.ActiveCfg = Release|Any CPU
		{8097EA40-FDBF-46DD-A08B-746A3F691848}.AppStore|x86.ActiveCfg = Release|Any CPU
		{8097EA40-FDBF-46DD-A08B-746A3F691848}.Debug|Any CPU.ActiveCfg = Debug|Any CPU
		{8097EA40-FDBF-46DD-A08B-746A3F691848}.Debug|Any CPU.Build.0 = Debug|Any CPU
		{8097EA40-FDBF-46DD-A08B-746A3F691848}.Debug|iPhone.ActiveCfg = Debug|Any CPU
		{8097EA40-FDBF-46DD-A08B-746A3F691848}.Debug|iPhoneSimulator.ActiveCfg = Debug|Any CPU
		{8097EA40-FDBF-46DD-A08B-746A3F691848}.Debug|iPhoneSimulator.Build.0 = Debug|Any CPU
		{8097EA40-FDBF-46DD-A08B-746A3F691848}.Debug|x86.ActiveCfg = Debug|Any CPU
		{8097EA40-FDBF-46DD-A08B-746A3F691848}.Distribution|Any CPU.ActiveCfg = Debug|Any CPU
		{8097EA40-FDBF-46DD-A08B-746A3F691848}.Distribution|iPhone.ActiveCfg = Debug|Any CPU
		{8097EA40-FDBF-46DD-A08B-746A3F691848}.Distribution|iPhoneSimulator.ActiveCfg = Debug|Any CPU
		{8097EA40-FDBF-46DD-A08B-746A3F691848}.Distribution|x86.ActiveCfg = Debug|Any CPU
		{8097EA40-FDBF-46DD-A08B-746A3F691848}.Release|Any CPU.ActiveCfg = Release|Any CPU
		{8097EA40-FDBF-46DD-A08B-746A3F691848}.Release|Any CPU.Build.0 = Release|Any CPU
		{8097EA40-FDBF-46DD-A08B-746A3F691848}.Release|iPhone.ActiveCfg = Release|Any CPU
		{8097EA40-FDBF-46DD-A08B-746A3F691848}.Release|iPhoneSimulator.ActiveCfg = Release|Any CPU
		{8097EA40-FDBF-46DD-A08B-746A3F691848}.Release|iPhoneSimulator.Build.0 = Release|Any CPU
		{8097EA40-FDBF-46DD-A08B-746A3F691848}.Release|x86.ActiveCfg = Release|Any CPU
		{94B42281-900B-40A4-856D-3950B74EB8EA}.Ad-Hoc|Any CPU.ActiveCfg = Release|Any CPU
		{94B42281-900B-40A4-856D-3950B74EB8EA}.Ad-Hoc|iPhone.ActiveCfg = Release|Any CPU
		{94B42281-900B-40A4-856D-3950B74EB8EA}.Ad-Hoc|iPhone.Build.0 = Release|Any CPU
		{94B42281-900B-40A4-856D-3950B74EB8EA}.Ad-Hoc|iPhoneSimulator.ActiveCfg = Release|Any CPU
		{94B42281-900B-40A4-856D-3950B74EB8EA}.Ad-Hoc|x86.ActiveCfg = Release|Any CPU
		{94B42281-900B-40A4-856D-3950B74EB8EA}.AppStore|Any CPU.ActiveCfg = Release|Any CPU
		{94B42281-900B-40A4-856D-3950B74EB8EA}.AppStore|iPhone.ActiveCfg = Release|Any CPU
		{94B42281-900B-40A4-856D-3950B74EB8EA}.AppStore|iPhone.Build.0 = Release|Any CPU
		{94B42281-900B-40A4-856D-3950B74EB8EA}.AppStore|iPhoneSimulator.ActiveCfg = Release|Any CPU
		{94B42281-900B-40A4-856D-3950B74EB8EA}.AppStore|x86.ActiveCfg = Release|Any CPU
		{94B42281-900B-40A4-856D-3950B74EB8EA}.Debug|Any CPU.ActiveCfg = Debug|Any CPU
		{94B42281-900B-40A4-856D-3950B74EB8EA}.Debug|Any CPU.Build.0 = Debug|Any CPU
		{94B42281-900B-40A4-856D-3950B74EB8EA}.Debug|iPhone.ActiveCfg = Debug|Any CPU
		{94B42281-900B-40A4-856D-3950B74EB8EA}.Debug|iPhone.Build.0 = Debug|Any CPU
		{94B42281-900B-40A4-856D-3950B74EB8EA}.Debug|iPhoneSimulator.ActiveCfg = Debug|Any CPU
		{94B42281-900B-40A4-856D-3950B74EB8EA}.Debug|iPhoneSimulator.Build.0 = Debug|Any CPU
		{94B42281-900B-40A4-856D-3950B74EB8EA}.Debug|x86.ActiveCfg = Debug|Any CPU
		{94B42281-900B-40A4-856D-3950B74EB8EA}.Distribution|Any CPU.ActiveCfg = Debug|Any CPU
		{94B42281-900B-40A4-856D-3950B74EB8EA}.Distribution|iPhone.ActiveCfg = Debug|Any CPU
		{94B42281-900B-40A4-856D-3950B74EB8EA}.Distribution|iPhoneSimulator.ActiveCfg = Debug|Any CPU
		{94B42281-900B-40A4-856D-3950B74EB8EA}.Distribution|x86.ActiveCfg = Debug|Any CPU
		{94B42281-900B-40A4-856D-3950B74EB8EA}.Release|Any CPU.ActiveCfg = Release|Any CPU
		{94B42281-900B-40A4-856D-3950B74EB8EA}.Release|Any CPU.Build.0 = Release|Any CPU
		{94B42281-900B-40A4-856D-3950B74EB8EA}.Release|iPhone.ActiveCfg = Release|Any CPU
		{94B42281-900B-40A4-856D-3950B74EB8EA}.Release|iPhone.Build.0 = Release|Any CPU
		{94B42281-900B-40A4-856D-3950B74EB8EA}.Release|iPhoneSimulator.ActiveCfg = Release|Any CPU
		{94B42281-900B-40A4-856D-3950B74EB8EA}.Release|iPhoneSimulator.Build.0 = Release|Any CPU
		{94B42281-900B-40A4-856D-3950B74EB8EA}.Release|x86.ActiveCfg = Release|Any CPU
		{A1531FEE-8850-4F2E-AD82-9208FA826678}.Ad-Hoc|Any CPU.ActiveCfg = Release|Any CPU
		{A1531FEE-8850-4F2E-AD82-9208FA826678}.Ad-Hoc|iPhone.ActiveCfg = Release|Any CPU
		{A1531FEE-8850-4F2E-AD82-9208FA826678}.Ad-Hoc|iPhone.Build.0 = Release|Any CPU
		{A1531FEE-8850-4F2E-AD82-9208FA826678}.Ad-Hoc|iPhoneSimulator.ActiveCfg = Release|Any CPU
		{A1531FEE-8850-4F2E-AD82-9208FA826678}.Ad-Hoc|x86.ActiveCfg = Release|Any CPU
		{A1531FEE-8850-4F2E-AD82-9208FA826678}.AppStore|Any CPU.ActiveCfg = Release|Any CPU
		{A1531FEE-8850-4F2E-AD82-9208FA826678}.AppStore|iPhone.ActiveCfg = Release|Any CPU
		{A1531FEE-8850-4F2E-AD82-9208FA826678}.AppStore|iPhone.Build.0 = Release|Any CPU
		{A1531FEE-8850-4F2E-AD82-9208FA826678}.AppStore|iPhoneSimulator.ActiveCfg = Release|Any CPU
		{A1531FEE-8850-4F2E-AD82-9208FA826678}.AppStore|x86.ActiveCfg = Release|Any CPU
		{A1531FEE-8850-4F2E-AD82-9208FA826678}.Debug|Any CPU.ActiveCfg = Debug|Any CPU
		{A1531FEE-8850-4F2E-AD82-9208FA826678}.Debug|Any CPU.Build.0 = Debug|Any CPU
		{A1531FEE-8850-4F2E-AD82-9208FA826678}.Debug|iPhone.ActiveCfg = Debug|Any CPU
		{A1531FEE-8850-4F2E-AD82-9208FA826678}.Debug|iPhone.Build.0 = Debug|Any CPU
		{A1531FEE-8850-4F2E-AD82-9208FA826678}.Debug|iPhoneSimulator.ActiveCfg = Debug|Any CPU
		{A1531FEE-8850-4F2E-AD82-9208FA826678}.Debug|iPhoneSimulator.Build.0 = Debug|Any CPU
		{A1531FEE-8850-4F2E-AD82-9208FA826678}.Debug|x86.ActiveCfg = Debug|Any CPU
		{A1531FEE-8850-4F2E-AD82-9208FA826678}.Distribution|Any CPU.ActiveCfg = Debug|Any CPU
		{A1531FEE-8850-4F2E-AD82-9208FA826678}.Distribution|iPhone.ActiveCfg = Debug|Any CPU
		{A1531FEE-8850-4F2E-AD82-9208FA826678}.Distribution|iPhoneSimulator.ActiveCfg = Debug|Any CPU
		{A1531FEE-8850-4F2E-AD82-9208FA826678}.Distribution|x86.ActiveCfg = Debug|Any CPU
		{A1531FEE-8850-4F2E-AD82-9208FA826678}.Release|Any CPU.ActiveCfg = Release|Any CPU
		{A1531FEE-8850-4F2E-AD82-9208FA826678}.Release|Any CPU.Build.0 = Release|Any CPU
		{A1531FEE-8850-4F2E-AD82-9208FA826678}.Release|iPhone.ActiveCfg = Release|Any CPU
		{A1531FEE-8850-4F2E-AD82-9208FA826678}.Release|iPhone.Build.0 = Release|Any CPU
		{A1531FEE-8850-4F2E-AD82-9208FA826678}.Release|iPhoneSimulator.ActiveCfg = Release|Any CPU
		{A1531FEE-8850-4F2E-AD82-9208FA826678}.Release|iPhoneSimulator.Build.0 = Release|Any CPU
		{A1531FEE-8850-4F2E-AD82-9208FA826678}.Release|x86.ActiveCfg = Release|Any CPU
		{A81B7AF2-88D8-4031-8084-1BCEC0A5A9A2}.Ad-Hoc|Any CPU.ActiveCfg = Ad-Hoc|iPhone
		{A81B7AF2-88D8-4031-8084-1BCEC0A5A9A2}.Ad-Hoc|iPhone.ActiveCfg = Ad-Hoc|iPhone
		{A81B7AF2-88D8-4031-8084-1BCEC0A5A9A2}.Ad-Hoc|iPhone.Build.0 = Ad-Hoc|iPhone
		{A81B7AF2-88D8-4031-8084-1BCEC0A5A9A2}.Ad-Hoc|iPhoneSimulator.ActiveCfg = Ad-Hoc|iPhone
		{A81B7AF2-88D8-4031-8084-1BCEC0A5A9A2}.Ad-Hoc|x86.ActiveCfg = Ad-Hoc|iPhone
		{A81B7AF2-88D8-4031-8084-1BCEC0A5A9A2}.AppStore|Any CPU.ActiveCfg = AppStore|iPhone
		{A81B7AF2-88D8-4031-8084-1BCEC0A5A9A2}.AppStore|iPhone.ActiveCfg = AppStore|iPhone
		{A81B7AF2-88D8-4031-8084-1BCEC0A5A9A2}.AppStore|iPhone.Build.0 = AppStore|iPhone
		{A81B7AF2-88D8-4031-8084-1BCEC0A5A9A2}.AppStore|iPhoneSimulator.ActiveCfg = AppStore|iPhone
		{A81B7AF2-88D8-4031-8084-1BCEC0A5A9A2}.AppStore|x86.ActiveCfg = AppStore|iPhone
		{A81B7AF2-88D8-4031-8084-1BCEC0A5A9A2}.Debug|Any CPU.ActiveCfg = Debug|iPhoneSimulator
		{A81B7AF2-88D8-4031-8084-1BCEC0A5A9A2}.Debug|Any CPU.Build.0 = Debug|iPhoneSimulator
		{A81B7AF2-88D8-4031-8084-1BCEC0A5A9A2}.Debug|iPhone.ActiveCfg = Debug|iPhone
		{A81B7AF2-88D8-4031-8084-1BCEC0A5A9A2}.Debug|iPhone.Build.0 = Debug|iPhone
		{A81B7AF2-88D8-4031-8084-1BCEC0A5A9A2}.Debug|iPhoneSimulator.ActiveCfg = Debug|iPhoneSimulator
		{A81B7AF2-88D8-4031-8084-1BCEC0A5A9A2}.Debug|iPhoneSimulator.Build.0 = Debug|iPhoneSimulator
		{A81B7AF2-88D8-4031-8084-1BCEC0A5A9A2}.Debug|x86.ActiveCfg = Debug|iPhoneSimulator
		{A81B7AF2-88D8-4031-8084-1BCEC0A5A9A2}.Distribution|Any CPU.ActiveCfg = Debug|iPhoneSimulator
		{A81B7AF2-88D8-4031-8084-1BCEC0A5A9A2}.Distribution|iPhone.ActiveCfg = Debug|iPhone
		{A81B7AF2-88D8-4031-8084-1BCEC0A5A9A2}.Distribution|iPhoneSimulator.ActiveCfg = Debug|iPhoneSimulator
		{A81B7AF2-88D8-4031-8084-1BCEC0A5A9A2}.Distribution|x86.ActiveCfg = Debug|iPhone
		{A81B7AF2-88D8-4031-8084-1BCEC0A5A9A2}.Release|Any CPU.ActiveCfg = Release|iPhoneSimulator
		{A81B7AF2-88D8-4031-8084-1BCEC0A5A9A2}.Release|Any CPU.Build.0 = Release|iPhoneSimulator
		{A81B7AF2-88D8-4031-8084-1BCEC0A5A9A2}.Release|iPhone.ActiveCfg = Release|iPhone
		{A81B7AF2-88D8-4031-8084-1BCEC0A5A9A2}.Release|iPhone.Build.0 = Release|iPhone
		{A81B7AF2-88D8-4031-8084-1BCEC0A5A9A2}.Release|iPhoneSimulator.ActiveCfg = Release|iPhoneSimulator
		{A81B7AF2-88D8-4031-8084-1BCEC0A5A9A2}.Release|iPhoneSimulator.Build.0 = Release|iPhoneSimulator
		{A81B7AF2-88D8-4031-8084-1BCEC0A5A9A2}.Release|x86.ActiveCfg = Release|iPhoneSimulator
		{B1EB5C98-F47F-485D-AE2D-46B4ABF7E78F}.Ad-Hoc|Any CPU.ActiveCfg = Debug|Any CPU
		{B1EB5C98-F47F-485D-AE2D-46B4ABF7E78F}.Ad-Hoc|Any CPU.Build.0 = Debug|Any CPU
		{B1EB5C98-F47F-485D-AE2D-46B4ABF7E78F}.Ad-Hoc|iPhone.ActiveCfg = Debug|Any CPU
		{B1EB5C98-F47F-485D-AE2D-46B4ABF7E78F}.Ad-Hoc|iPhone.Build.0 = Debug|Any CPU
		{B1EB5C98-F47F-485D-AE2D-46B4ABF7E78F}.Ad-Hoc|iPhoneSimulator.ActiveCfg = Debug|Any CPU
		{B1EB5C98-F47F-485D-AE2D-46B4ABF7E78F}.Ad-Hoc|iPhoneSimulator.Build.0 = Debug|Any CPU
		{B1EB5C98-F47F-485D-AE2D-46B4ABF7E78F}.Ad-Hoc|x86.ActiveCfg = Debug|Any CPU
		{B1EB5C98-F47F-485D-AE2D-46B4ABF7E78F}.Ad-Hoc|x86.Build.0 = Debug|Any CPU
		{B1EB5C98-F47F-485D-AE2D-46B4ABF7E78F}.AppStore|Any CPU.ActiveCfg = AppStore|Any CPU
		{B1EB5C98-F47F-485D-AE2D-46B4ABF7E78F}.AppStore|Any CPU.Build.0 = AppStore|Any CPU
		{B1EB5C98-F47F-485D-AE2D-46B4ABF7E78F}.AppStore|iPhone.ActiveCfg = AppStore|Any CPU
		{B1EB5C98-F47F-485D-AE2D-46B4ABF7E78F}.AppStore|iPhone.Build.0 = AppStore|Any CPU
		{B1EB5C98-F47F-485D-AE2D-46B4ABF7E78F}.AppStore|iPhoneSimulator.ActiveCfg = AppStore|Any CPU
		{B1EB5C98-F47F-485D-AE2D-46B4ABF7E78F}.AppStore|iPhoneSimulator.Build.0 = AppStore|Any CPU
		{B1EB5C98-F47F-485D-AE2D-46B4ABF7E78F}.AppStore|x86.ActiveCfg = AppStore|Any CPU
		{B1EB5C98-F47F-485D-AE2D-46B4ABF7E78F}.AppStore|x86.Build.0 = AppStore|Any CPU
		{B1EB5C98-F47F-485D-AE2D-46B4ABF7E78F}.Debug|Any CPU.ActiveCfg = Debug|Any CPU
		{B1EB5C98-F47F-485D-AE2D-46B4ABF7E78F}.Debug|Any CPU.Build.0 = Debug|Any CPU
		{B1EB5C98-F47F-485D-AE2D-46B4ABF7E78F}.Debug|iPhone.ActiveCfg = Debug|Any CPU
		{B1EB5C98-F47F-485D-AE2D-46B4ABF7E78F}.Debug|iPhone.Build.0 = Debug|Any CPU
		{B1EB5C98-F47F-485D-AE2D-46B4ABF7E78F}.Debug|iPhoneSimulator.ActiveCfg = Debug|Any CPU
		{B1EB5C98-F47F-485D-AE2D-46B4ABF7E78F}.Debug|iPhoneSimulator.Build.0 = Debug|Any CPU
		{B1EB5C98-F47F-485D-AE2D-46B4ABF7E78F}.Debug|x86.ActiveCfg = Debug|Any CPU
		{B1EB5C98-F47F-485D-AE2D-46B4ABF7E78F}.Debug|x86.Build.0 = Debug|Any CPU
		{B1EB5C98-F47F-485D-AE2D-46B4ABF7E78F}.Distribution|Any CPU.ActiveCfg = Debug|Any CPU
		{B1EB5C98-F47F-485D-AE2D-46B4ABF7E78F}.Distribution|Any CPU.Build.0 = Debug|Any CPU
		{B1EB5C98-F47F-485D-AE2D-46B4ABF7E78F}.Distribution|iPhone.ActiveCfg = Debug|Any CPU
		{B1EB5C98-F47F-485D-AE2D-46B4ABF7E78F}.Distribution|iPhone.Build.0 = Debug|Any CPU
		{B1EB5C98-F47F-485D-AE2D-46B4ABF7E78F}.Distribution|iPhoneSimulator.ActiveCfg = Debug|Any CPU
		{B1EB5C98-F47F-485D-AE2D-46B4ABF7E78F}.Distribution|iPhoneSimulator.Build.0 = Debug|Any CPU
		{B1EB5C98-F47F-485D-AE2D-46B4ABF7E78F}.Distribution|x86.ActiveCfg = Debug|Any CPU
		{B1EB5C98-F47F-485D-AE2D-46B4ABF7E78F}.Distribution|x86.Build.0 = Debug|Any CPU
		{B1EB5C98-F47F-485D-AE2D-46B4ABF7E78F}.EndProject|Any CPU.ActiveCfg = Debug|Any CPU
		{B1EB5C98-F47F-485D-AE2D-46B4ABF7E78F}.EndProject|Any CPU.Build.0 = Debug|Any CPU
		{B1EB5C98-F47F-485D-AE2D-46B4ABF7E78F}.Global|Any CPU.ActiveCfg = Debug|Any CPU
		{B1EB5C98-F47F-485D-AE2D-46B4ABF7E78F}.Global|Any CPU.Build.0 = Debug|Any CPU
		{B1EB5C98-F47F-485D-AE2D-46B4ABF7E78F}.GlobalSection(SolutionConfigurationPlatforms)|Any CPU.ActiveCfg = Debug|Any CPU
		{B1EB5C98-F47F-485D-AE2D-46B4ABF7E78F}.GlobalSection(SolutionConfigurationPlatforms)|Any CPU.Build.0 = Debug|Any CPU
		{B1EB5C98-F47F-485D-AE2D-46B4ABF7E78F}.Project("{2150E333-8FDC-42A3-9474-1A3956D46DE8}")|Any CPU.ActiveCfg = Debug|Any CPU
		{B1EB5C98-F47F-485D-AE2D-46B4ABF7E78F}.Project("{2150E333-8FDC-42A3-9474-1A3956D46DE8}")|Any CPU.Build.0 = Debug|Any CPU
		{B1EB5C98-F47F-485D-AE2D-46B4ABF7E78F}.Project("{FAE04EC0-301F-11D3-BF4B-00C04F79EFBC}")|Any CPU.ActiveCfg = Debug|Any CPU
		{B1EB5C98-F47F-485D-AE2D-46B4ABF7E78F}.Project("{FAE04EC0-301F-11D3-BF4B-00C04F79EFBC}")|Any CPU.Build.0 = Debug|Any CPU
		{B1EB5C98-F47F-485D-AE2D-46B4ABF7E78F}.Release|Any CPU.ActiveCfg = Release|Any CPU
		{B1EB5C98-F47F-485D-AE2D-46B4ABF7E78F}.Release|Any CPU.Build.0 = Release|Any CPU
		{B1EB5C98-F47F-485D-AE2D-46B4ABF7E78F}.Release|iPhone.ActiveCfg = Release|Any CPU
		{B1EB5C98-F47F-485D-AE2D-46B4ABF7E78F}.Release|iPhone.Build.0 = Release|Any CPU
		{B1EB5C98-F47F-485D-AE2D-46B4ABF7E78F}.Release|iPhoneSimulator.ActiveCfg = Release|Any CPU
		{B1EB5C98-F47F-485D-AE2D-46B4ABF7E78F}.Release|iPhoneSimulator.Build.0 = Release|Any CPU
		{B1EB5C98-F47F-485D-AE2D-46B4ABF7E78F}.Release|x86.ActiveCfg = Release|Any CPU
		{B1EB5C98-F47F-485D-AE2D-46B4ABF7E78F}.Release|x86.Build.0 = Release|Any CPU
		{C6DB5D92-8297-4AC6-8BB2-4F9ABB4060B6}.Ad-Hoc|Any CPU.ActiveCfg = Debug|Any CPU
		{C6DB5D92-8297-4AC6-8BB2-4F9ABB4060B6}.Ad-Hoc|Any CPU.Build.0 = Debug|Any CPU
		{C6DB5D92-8297-4AC6-8BB2-4F9ABB4060B6}.Ad-Hoc|iPhone.ActiveCfg = Debug|Any CPU
		{C6DB5D92-8297-4AC6-8BB2-4F9ABB4060B6}.Ad-Hoc|iPhone.Build.0 = Debug|Any CPU
		{C6DB5D92-8297-4AC6-8BB2-4F9ABB4060B6}.Ad-Hoc|iPhoneSimulator.ActiveCfg = Debug|Any CPU
		{C6DB5D92-8297-4AC6-8BB2-4F9ABB4060B6}.Ad-Hoc|iPhoneSimulator.Build.0 = Debug|Any CPU
		{C6DB5D92-8297-4AC6-8BB2-4F9ABB4060B6}.Ad-Hoc|x86.ActiveCfg = Debug|Any CPU
		{C6DB5D92-8297-4AC6-8BB2-4F9ABB4060B6}.Ad-Hoc|x86.Build.0 = Debug|Any CPU
		{C6DB5D92-8297-4AC6-8BB2-4F9ABB4060B6}.AppStore|Any CPU.ActiveCfg = Debug|Any CPU
		{C6DB5D92-8297-4AC6-8BB2-4F9ABB4060B6}.AppStore|Any CPU.Build.0 = Debug|Any CPU
		{C6DB5D92-8297-4AC6-8BB2-4F9ABB4060B6}.AppStore|iPhone.ActiveCfg = Debug|Any CPU
		{C6DB5D92-8297-4AC6-8BB2-4F9ABB4060B6}.AppStore|iPhone.Build.0 = Debug|Any CPU
		{C6DB5D92-8297-4AC6-8BB2-4F9ABB4060B6}.AppStore|iPhoneSimulator.ActiveCfg = Debug|Any CPU
		{C6DB5D92-8297-4AC6-8BB2-4F9ABB4060B6}.AppStore|iPhoneSimulator.Build.0 = Debug|Any CPU
		{C6DB5D92-8297-4AC6-8BB2-4F9ABB4060B6}.AppStore|x86.ActiveCfg = Debug|Any CPU
		{C6DB5D92-8297-4AC6-8BB2-4F9ABB4060B6}.AppStore|x86.Build.0 = Debug|Any CPU
		{C6DB5D92-8297-4AC6-8BB2-4F9ABB4060B6}.Debug|Any CPU.ActiveCfg = Debug|Any CPU
		{C6DB5D92-8297-4AC6-8BB2-4F9ABB4060B6}.Debug|Any CPU.Build.0 = Debug|Any CPU
		{C6DB5D92-8297-4AC6-8BB2-4F9ABB4060B6}.Debug|iPhone.ActiveCfg = Debug|Any CPU
		{C6DB5D92-8297-4AC6-8BB2-4F9ABB4060B6}.Debug|iPhone.Build.0 = Debug|Any CPU
		{C6DB5D92-8297-4AC6-8BB2-4F9ABB4060B6}.Debug|iPhoneSimulator.ActiveCfg = Debug|Any CPU
		{C6DB5D92-8297-4AC6-8BB2-4F9ABB4060B6}.Debug|iPhoneSimulator.Build.0 = Debug|Any CPU
		{C6DB5D92-8297-4AC6-8BB2-4F9ABB4060B6}.Debug|x86.ActiveCfg = Debug|Any CPU
		{C6DB5D92-8297-4AC6-8BB2-4F9ABB4060B6}.Debug|x86.Build.0 = Debug|Any CPU
		{C6DB5D92-8297-4AC6-8BB2-4F9ABB4060B6}.Distribution|Any CPU.ActiveCfg = Debug|Any CPU
		{C6DB5D92-8297-4AC6-8BB2-4F9ABB4060B6}.Distribution|Any CPU.Build.0 = Debug|Any CPU
		{C6DB5D92-8297-4AC6-8BB2-4F9ABB4060B6}.Distribution|iPhone.ActiveCfg = Debug|Any CPU
		{C6DB5D92-8297-4AC6-8BB2-4F9ABB4060B6}.Distribution|iPhone.Build.0 = Debug|Any CPU
		{C6DB5D92-8297-4AC6-8BB2-4F9ABB4060B6}.Distribution|iPhoneSimulator.ActiveCfg = Debug|Any CPU
		{C6DB5D92-8297-4AC6-8BB2-4F9ABB4060B6}.Distribution|iPhoneSimulator.Build.0 = Debug|Any CPU
		{C6DB5D92-8297-4AC6-8BB2-4F9ABB4060B6}.Distribution|x86.ActiveCfg = Debug|Any CPU
		{C6DB5D92-8297-4AC6-8BB2-4F9ABB4060B6}.Distribution|x86.Build.0 = Debug|Any CPU
		{C6DB5D92-8297-4AC6-8BB2-4F9ABB4060B6}.EndProject|Any CPU.ActiveCfg = Debug|Any CPU
		{C6DB5D92-8297-4AC6-8BB2-4F9ABB4060B6}.EndProject|Any CPU.Build.0 = Debug|Any CPU
		{C6DB5D92-8297-4AC6-8BB2-4F9ABB4060B6}.Global|Any CPU.ActiveCfg = Debug|Any CPU
		{C6DB5D92-8297-4AC6-8BB2-4F9ABB4060B6}.Global|Any CPU.Build.0 = Debug|Any CPU
		{C6DB5D92-8297-4AC6-8BB2-4F9ABB4060B6}.GlobalSection(SolutionConfigurationPlatforms)|Any CPU.ActiveCfg = Debug|Any CPU
		{C6DB5D92-8297-4AC6-8BB2-4F9ABB4060B6}.GlobalSection(SolutionConfigurationPlatforms)|Any CPU.Build.0 = Debug|Any CPU
		{C6DB5D92-8297-4AC6-8BB2-4F9ABB4060B6}.Project("{2150E333-8FDC-42A3-9474-1A3956D46DE8}")|Any CPU.ActiveCfg = Debug|Any CPU
		{C6DB5D92-8297-4AC6-8BB2-4F9ABB4060B6}.Project("{2150E333-8FDC-42A3-9474-1A3956D46DE8}")|Any CPU.Build.0 = Debug|Any CPU
		{C6DB5D92-8297-4AC6-8BB2-4F9ABB4060B6}.Project("{FAE04EC0-301F-11D3-BF4B-00C04F79EFBC}")|Any CPU.ActiveCfg = Debug|Any CPU
		{C6DB5D92-8297-4AC6-8BB2-4F9ABB4060B6}.Project("{FAE04EC0-301F-11D3-BF4B-00C04F79EFBC}")|Any CPU.Build.0 = Debug|Any CPU
		{C6DB5D92-8297-4AC6-8BB2-4F9ABB4060B6}.Release|Any CPU.ActiveCfg = Release|Any CPU
		{C6DB5D92-8297-4AC6-8BB2-4F9ABB4060B6}.Release|Any CPU.Build.0 = Release|Any CPU
		{C6DB5D92-8297-4AC6-8BB2-4F9ABB4060B6}.Release|iPhone.ActiveCfg = Release|Any CPU
		{C6DB5D92-8297-4AC6-8BB2-4F9ABB4060B6}.Release|iPhone.Build.0 = Release|Any CPU
		{C6DB5D92-8297-4AC6-8BB2-4F9ABB4060B6}.Release|iPhoneSimulator.ActiveCfg = Release|Any CPU
		{C6DB5D92-8297-4AC6-8BB2-4F9ABB4060B6}.Release|iPhoneSimulator.Build.0 = Release|Any CPU
		{C6DB5D92-8297-4AC6-8BB2-4F9ABB4060B6}.Release|x86.ActiveCfg = Release|Any CPU
		{C6DB5D92-8297-4AC6-8BB2-4F9ABB4060B6}.Release|x86.Build.0 = Release|Any CPU
		{E80ACB1B-AC80-4059-A7F5-B9A365B29B0A}.Ad-Hoc|iPhone.ActiveCfg = Debug|Any CPU
		{E80ACB1B-AC80-4059-A7F5-B9A365B29B0A}.Ad-Hoc|iPhone.Build.0 = Debug|Any CPU
		{E80ACB1B-AC80-4059-A7F5-B9A365B29B0A}.AppStore|iPhone.ActiveCfg = Debug|Any CPU
		{E80ACB1B-AC80-4059-A7F5-B9A365B29B0A}.AppStore|iPhone.Build.0 = Debug|Any CPU
		{E80ACB1B-AC80-4059-A7F5-B9A365B29B0A}.Debug|Any CPU.ActiveCfg = Debug|Any CPU
		{E80ACB1B-AC80-4059-A7F5-B9A365B29B0A}.Debug|Any CPU.Build.0 = Debug|Any CPU
		{E80ACB1B-AC80-4059-A7F5-B9A365B29B0A}.Debug|Any CPU.Deploy.0 = Debug|Any CPU
		{E80ACB1B-AC80-4059-A7F5-B9A365B29B0A}.Debug|iPhone.ActiveCfg = Debug|Any CPU
		{E80ACB1B-AC80-4059-A7F5-B9A365B29B0A}.Debug|iPhone.Build.0 = Debug|Any CPU
		{E80ACB1B-AC80-4059-A7F5-B9A365B29B0A}.Debug|iPhoneSimulator.ActiveCfg = Debug|Any CPU
		{E80ACB1B-AC80-4059-A7F5-B9A365B29B0A}.Debug|iPhoneSimulator.Build.0 = Debug|Any CPU
		{E80ACB1B-AC80-4059-A7F5-B9A365B29B0A}.Release|Any CPU.ActiveCfg = Release|Any CPU
		{E80ACB1B-AC80-4059-A7F5-B9A365B29B0A}.Release|Any CPU.Build.0 = Release|Any CPU
		{E80ACB1B-AC80-4059-A7F5-B9A365B29B0A}.Release|Any CPU.Deploy.0 = Release|Any CPU
		{E80ACB1B-AC80-4059-A7F5-B9A365B29B0A}.Release|iPhone.ActiveCfg = Release|Any CPU
		{E80ACB1B-AC80-4059-A7F5-B9A365B29B0A}.Release|iPhone.Build.0 = Release|Any CPU
		{E80ACB1B-AC80-4059-A7F5-B9A365B29B0A}.Release|iPhoneSimulator.ActiveCfg = Release|Any CPU
		{E80ACB1B-AC80-4059-A7F5-B9A365B29B0A}.Release|iPhoneSimulator.Build.0 = Release|Any CPU
		{29EAB838-DD2F-444D-BA64-ECA45D983703}.Ad-Hoc|Any CPU.ActiveCfg = Release|Any CPU
		{29EAB838-DD2F-444D-BA64-ECA45D983703}.Ad-Hoc|Any CPU.Build.0 = Release|Any CPU
		{29EAB838-DD2F-444D-BA64-ECA45D983703}.Ad-Hoc|iPhone.ActiveCfg = Debug|Any CPU
		{29EAB838-DD2F-444D-BA64-ECA45D983703}.Ad-Hoc|iPhone.Build.0 = Debug|Any CPU
		{29EAB838-DD2F-444D-BA64-ECA45D983703}.Ad-Hoc|iPhoneSimulator.ActiveCfg = Release|Any CPU
		{29EAB838-DD2F-444D-BA64-ECA45D983703}.Ad-Hoc|iPhoneSimulator.Build.0 = Release|Any CPU
		{29EAB838-DD2F-444D-BA64-ECA45D983703}.Ad-Hoc|x86.ActiveCfg = Release|Any CPU
		{29EAB838-DD2F-444D-BA64-ECA45D983703}.Ad-Hoc|x86.Build.0 = Release|Any CPU
		{29EAB838-DD2F-444D-BA64-ECA45D983703}.AppStore|Any CPU.ActiveCfg = Debug|Any CPU
		{29EAB838-DD2F-444D-BA64-ECA45D983703}.AppStore|Any CPU.Build.0 = Debug|Any CPU
		{29EAB838-DD2F-444D-BA64-ECA45D983703}.AppStore|iPhone.ActiveCfg = Debug|Any CPU
		{29EAB838-DD2F-444D-BA64-ECA45D983703}.AppStore|iPhone.Build.0 = Debug|Any CPU
		{29EAB838-DD2F-444D-BA64-ECA45D983703}.AppStore|iPhoneSimulator.ActiveCfg = Release|Any CPU
		{29EAB838-DD2F-444D-BA64-ECA45D983703}.AppStore|iPhoneSimulator.Build.0 = Release|Any CPU
		{29EAB838-DD2F-444D-BA64-ECA45D983703}.AppStore|x86.ActiveCfg = Release|Any CPU
		{29EAB838-DD2F-444D-BA64-ECA45D983703}.AppStore|x86.Build.0 = Release|Any CPU
		{29EAB838-DD2F-444D-BA64-ECA45D983703}.Debug|Any CPU.ActiveCfg = Debug|Any CPU
		{29EAB838-DD2F-444D-BA64-ECA45D983703}.Debug|Any CPU.Build.0 = Debug|Any CPU
		{29EAB838-DD2F-444D-BA64-ECA45D983703}.Debug|iPhone.ActiveCfg = Debug|Any CPU
		{29EAB838-DD2F-444D-BA64-ECA45D983703}.Debug|iPhone.Build.0 = Debug|Any CPU
		{29EAB838-DD2F-444D-BA64-ECA45D983703}.Debug|iPhoneSimulator.ActiveCfg = Debug|Any CPU
		{29EAB838-DD2F-444D-BA64-ECA45D983703}.Debug|iPhoneSimulator.Build.0 = Debug|Any CPU
		{29EAB838-DD2F-444D-BA64-ECA45D983703}.Debug|x86.ActiveCfg = Debug|Any CPU
		{29EAB838-DD2F-444D-BA64-ECA45D983703}.Debug|x86.Build.0 = Debug|Any CPU
		{29EAB838-DD2F-444D-BA64-ECA45D983703}.Distribution|Any CPU.ActiveCfg = Debug|Any CPU
		{29EAB838-DD2F-444D-BA64-ECA45D983703}.Distribution|Any CPU.Build.0 = Debug|Any CPU
		{29EAB838-DD2F-444D-BA64-ECA45D983703}.Distribution|iPhone.ActiveCfg = Debug|Any CPU
		{29EAB838-DD2F-444D-BA64-ECA45D983703}.Distribution|iPhone.Build.0 = Debug|Any CPU
		{29EAB838-DD2F-444D-BA64-ECA45D983703}.Distribution|iPhoneSimulator.ActiveCfg = Debug|Any CPU
		{29EAB838-DD2F-444D-BA64-ECA45D983703}.Distribution|iPhoneSimulator.Build.0 = Debug|Any CPU
		{29EAB838-DD2F-444D-BA64-ECA45D983703}.Distribution|x86.ActiveCfg = Debug|Any CPU
		{29EAB838-DD2F-444D-BA64-ECA45D983703}.Distribution|x86.Build.0 = Debug|Any CPU
		{29EAB838-DD2F-444D-BA64-ECA45D983703}.Release|Any CPU.ActiveCfg = Release|Any CPU
		{29EAB838-DD2F-444D-BA64-ECA45D983703}.Release|Any CPU.Build.0 = Release|Any CPU
		{29EAB838-DD2F-444D-BA64-ECA45D983703}.Release|iPhone.ActiveCfg = Release|Any CPU
		{29EAB838-DD2F-444D-BA64-ECA45D983703}.Release|iPhone.Build.0 = Release|Any CPU
		{29EAB838-DD2F-444D-BA64-ECA45D983703}.Release|iPhoneSimulator.ActiveCfg = Release|Any CPU
		{29EAB838-DD2F-444D-BA64-ECA45D983703}.Release|iPhoneSimulator.Build.0 = Release|Any CPU
		{29EAB838-DD2F-444D-BA64-ECA45D983703}.Release|x86.ActiveCfg = Release|Any CPU
		{29EAB838-DD2F-444D-BA64-ECA45D983703}.Release|x86.Build.0 = Release|Any CPU
		{36C538E6-C32A-4A8D-A39C-566173D7118E}.Ad-Hoc|Any CPU.ActiveCfg = Release|Any CPU
		{36C538E6-C32A-4A8D-A39C-566173D7118E}.Ad-Hoc|iPhone.ActiveCfg = Debug|Any CPU
		{36C538E6-C32A-4A8D-A39C-566173D7118E}.Ad-Hoc|iPhoneSimulator.ActiveCfg = Release|Any CPU
		{36C538E6-C32A-4A8D-A39C-566173D7118E}.Ad-Hoc|x86.ActiveCfg = Release|Any CPU
		{36C538E6-C32A-4A8D-A39C-566173D7118E}.AppStore|Any CPU.ActiveCfg = Debug|Any CPU
		{36C538E6-C32A-4A8D-A39C-566173D7118E}.AppStore|iPhone.ActiveCfg = Debug|Any CPU
		{36C538E6-C32A-4A8D-A39C-566173D7118E}.AppStore|iPhoneSimulator.ActiveCfg = Release|Any CPU
		{36C538E6-C32A-4A8D-A39C-566173D7118E}.AppStore|x86.ActiveCfg = Release|Any CPU
		{36C538E6-C32A-4A8D-A39C-566173D7118E}.Debug|Any CPU.ActiveCfg = Debug|Any CPU
		{36C538E6-C32A-4A8D-A39C-566173D7118E}.Debug|iPhone.ActiveCfg = Debug|Any CPU
		{36C538E6-C32A-4A8D-A39C-566173D7118E}.Debug|iPhoneSimulator.ActiveCfg = Debug|Any CPU
		{36C538E6-C32A-4A8D-A39C-566173D7118E}.Debug|x86.ActiveCfg = Debug|Any CPU
		{36C538E6-C32A-4A8D-A39C-566173D7118E}.Distribution|Any CPU.ActiveCfg = Distribution|Any CPU
		{36C538E6-C32A-4A8D-A39C-566173D7118E}.Distribution|iPhone.ActiveCfg = Distribution|Any CPU
		{36C538E6-C32A-4A8D-A39C-566173D7118E}.Distribution|iPhoneSimulator.ActiveCfg = Distribution|Any CPU
		{36C538E6-C32A-4A8D-A39C-566173D7118E}.Distribution|x86.ActiveCfg = Distribution|Any CPU
		{36C538E6-C32A-4A8D-A39C-566173D7118E}.Release|Any CPU.ActiveCfg = Release|Any CPU
		{36C538E6-C32A-4A8D-A39C-566173D7118E}.Release|iPhone.ActiveCfg = Release|Any CPU
		{36C538E6-C32A-4A8D-A39C-566173D7118E}.Release|iPhoneSimulator.ActiveCfg = Release|Any CPU
		{36C538E6-C32A-4A8D-A39C-566173D7118E}.Release|x86.ActiveCfg = Release|Any CPU
		{AE483C29-042E-4226-BA52-D247CE7676DA}.Ad-Hoc|Any CPU.ActiveCfg = Release|Any CPU
		{AE483C29-042E-4226-BA52-D247CE7676DA}.Ad-Hoc|iPhone.ActiveCfg = Debug|Any CPU
		{AE483C29-042E-4226-BA52-D247CE7676DA}.Ad-Hoc|iPhoneSimulator.ActiveCfg = Release|Any CPU
		{AE483C29-042E-4226-BA52-D247CE7676DA}.Ad-Hoc|x86.ActiveCfg = Release|Any CPU
		{AE483C29-042E-4226-BA52-D247CE7676DA}.AppStore|Any CPU.ActiveCfg = Debug|Any CPU
		{AE483C29-042E-4226-BA52-D247CE7676DA}.AppStore|iPhone.ActiveCfg = Debug|Any CPU
		{AE483C29-042E-4226-BA52-D247CE7676DA}.AppStore|iPhoneSimulator.ActiveCfg = Release|Any CPU
		{AE483C29-042E-4226-BA52-D247CE7676DA}.AppStore|x86.ActiveCfg = Release|Any CPU
		{AE483C29-042E-4226-BA52-D247CE7676DA}.Debug|Any CPU.ActiveCfg = Debug|Any CPU
		{AE483C29-042E-4226-BA52-D247CE7676DA}.Debug|iPhone.ActiveCfg = Debug|Any CPU
		{AE483C29-042E-4226-BA52-D247CE7676DA}.Debug|iPhoneSimulator.ActiveCfg = Debug|Any CPU
		{AE483C29-042E-4226-BA52-D247CE7676DA}.Debug|x86.ActiveCfg = Debug|Any CPU
		{AE483C29-042E-4226-BA52-D247CE7676DA}.Distribution|Any CPU.ActiveCfg = Debug|Any CPU
		{AE483C29-042E-4226-BA52-D247CE7676DA}.Distribution|iPhone.ActiveCfg = Debug|Any CPU
		{AE483C29-042E-4226-BA52-D247CE7676DA}.Distribution|iPhoneSimulator.ActiveCfg = Debug|Any CPU
		{AE483C29-042E-4226-BA52-D247CE7676DA}.Distribution|x86.ActiveCfg = Debug|Any CPU
		{AE483C29-042E-4226-BA52-D247CE7676DA}.Release|Any CPU.ActiveCfg = Release|Any CPU
		{AE483C29-042E-4226-BA52-D247CE7676DA}.Release|iPhone.ActiveCfg = Release|Any CPU
		{AE483C29-042E-4226-BA52-D247CE7676DA}.Release|iPhoneSimulator.ActiveCfg = Release|Any CPU
		{AE483C29-042E-4226-BA52-D247CE7676DA}.Release|x86.ActiveCfg = Release|Any CPU
		{DB8508BB-9849-4CC2-BC0F-8EB5DACB3C47}.Ad-Hoc|Any CPU.ActiveCfg = Release|iPhone
		{DB8508BB-9849-4CC2-BC0F-8EB5DACB3C47}.Ad-Hoc|iPhone.ActiveCfg = Debug|iPhone
		{DB8508BB-9849-4CC2-BC0F-8EB5DACB3C47}.Ad-Hoc|iPhoneSimulator.ActiveCfg = Release|iPhoneSimulator
		{DB8508BB-9849-4CC2-BC0F-8EB5DACB3C47}.Ad-Hoc|x86.ActiveCfg = Release|iPhone
		{DB8508BB-9849-4CC2-BC0F-8EB5DACB3C47}.AppStore|Any CPU.ActiveCfg = Debug|iPhoneSimulator
		{DB8508BB-9849-4CC2-BC0F-8EB5DACB3C47}.AppStore|iPhone.ActiveCfg = Debug|iPhone
		{DB8508BB-9849-4CC2-BC0F-8EB5DACB3C47}.AppStore|iPhoneSimulator.ActiveCfg = Release|iPhoneSimulator
		{DB8508BB-9849-4CC2-BC0F-8EB5DACB3C47}.AppStore|x86.ActiveCfg = Release|iPhone
		{DB8508BB-9849-4CC2-BC0F-8EB5DACB3C47}.Debug|Any CPU.ActiveCfg = Debug|iPhoneSimulator
		{DB8508BB-9849-4CC2-BC0F-8EB5DACB3C47}.Debug|iPhone.ActiveCfg = Debug|iPhone
		{DB8508BB-9849-4CC2-BC0F-8EB5DACB3C47}.Debug|iPhoneSimulator.ActiveCfg = Debug|iPhoneSimulator
		{DB8508BB-9849-4CC2-BC0F-8EB5DACB3C47}.Debug|x86.ActiveCfg = Debug|iPhoneSimulator
		{DB8508BB-9849-4CC2-BC0F-8EB5DACB3C47}.Distribution|Any CPU.ActiveCfg = Debug|iPhoneSimulator
		{DB8508BB-9849-4CC2-BC0F-8EB5DACB3C47}.Distribution|iPhone.ActiveCfg = Debug|iPhone
		{DB8508BB-9849-4CC2-BC0F-8EB5DACB3C47}.Distribution|iPhoneSimulator.ActiveCfg = Debug|iPhoneSimulator
		{DB8508BB-9849-4CC2-BC0F-8EB5DACB3C47}.Distribution|x86.ActiveCfg = Debug|iPhoneSimulator
		{DB8508BB-9849-4CC2-BC0F-8EB5DACB3C47}.Release|Any CPU.ActiveCfg = Release|iPhoneSimulator
		{DB8508BB-9849-4CC2-BC0F-8EB5DACB3C47}.Release|iPhone.ActiveCfg = Release|iPhone
		{DB8508BB-9849-4CC2-BC0F-8EB5DACB3C47}.Release|iPhoneSimulator.ActiveCfg = Release|iPhoneSimulator
		{DB8508BB-9849-4CC2-BC0F-8EB5DACB3C47}.Release|x86.ActiveCfg = Release|iPhoneSimulator
		{734EAA48-F1CA-481A-B391-0285BC0E8B40}.Ad-Hoc|Any CPU.ActiveCfg = Release|Any CPU
		{734EAA48-F1CA-481A-B391-0285BC0E8B40}.Ad-Hoc|iPhone.ActiveCfg = Debug|Any CPU
		{734EAA48-F1CA-481A-B391-0285BC0E8B40}.Ad-Hoc|iPhoneSimulator.ActiveCfg = Release|Any CPU
		{734EAA48-F1CA-481A-B391-0285BC0E8B40}.Ad-Hoc|x86.ActiveCfg = Release|Any CPU
		{734EAA48-F1CA-481A-B391-0285BC0E8B40}.AppStore|Any CPU.ActiveCfg = Debug|Any CPU
		{734EAA48-F1CA-481A-B391-0285BC0E8B40}.AppStore|iPhone.ActiveCfg = Debug|Any CPU
		{734EAA48-F1CA-481A-B391-0285BC0E8B40}.AppStore|iPhoneSimulator.ActiveCfg = Release|Any CPU
		{734EAA48-F1CA-481A-B391-0285BC0E8B40}.AppStore|x86.ActiveCfg = Release|Any CPU
		{734EAA48-F1CA-481A-B391-0285BC0E8B40}.Debug|Any CPU.ActiveCfg = Debug|Any CPU
		{734EAA48-F1CA-481A-B391-0285BC0E8B40}.Debug|iPhone.ActiveCfg = Debug|Any CPU
		{734EAA48-F1CA-481A-B391-0285BC0E8B40}.Debug|iPhoneSimulator.ActiveCfg = Debug|Any CPU
		{734EAA48-F1CA-481A-B391-0285BC0E8B40}.Debug|x86.ActiveCfg = Debug|Any CPU
		{734EAA48-F1CA-481A-B391-0285BC0E8B40}.Distribution|Any CPU.ActiveCfg = Debug|Any CPU
		{734EAA48-F1CA-481A-B391-0285BC0E8B40}.Distribution|iPhone.ActiveCfg = Debug|Any CPU
		{734EAA48-F1CA-481A-B391-0285BC0E8B40}.Distribution|iPhoneSimulator.ActiveCfg = Debug|Any CPU
		{734EAA48-F1CA-481A-B391-0285BC0E8B40}.Distribution|x86.ActiveCfg = Debug|Any CPU
		{734EAA48-F1CA-481A-B391-0285BC0E8B40}.Release|Any CPU.ActiveCfg = Release|Any CPU
		{734EAA48-F1CA-481A-B391-0285BC0E8B40}.Release|iPhone.ActiveCfg = Release|Any CPU
		{734EAA48-F1CA-481A-B391-0285BC0E8B40}.Release|iPhoneSimulator.ActiveCfg = Release|Any CPU
		{734EAA48-F1CA-481A-B391-0285BC0E8B40}.Release|x86.ActiveCfg = Release|Any CPU
		{BA9476CF-99BA-4D03-92F2-73D2C5E58883}.Ad-Hoc|Any CPU.ActiveCfg = Release|Any CPU
		{BA9476CF-99BA-4D03-92F2-73D2C5E58883}.Ad-Hoc|iPhone.ActiveCfg = Debug|Any CPU
		{BA9476CF-99BA-4D03-92F2-73D2C5E58883}.Ad-Hoc|iPhoneSimulator.ActiveCfg = Release|Any CPU
		{BA9476CF-99BA-4D03-92F2-73D2C5E58883}.Ad-Hoc|x86.ActiveCfg = Release|Any CPU
		{BA9476CF-99BA-4D03-92F2-73D2C5E58883}.AppStore|Any CPU.ActiveCfg = Debug|Any CPU
		{BA9476CF-99BA-4D03-92F2-73D2C5E58883}.AppStore|iPhone.ActiveCfg = Debug|Any CPU
		{BA9476CF-99BA-4D03-92F2-73D2C5E58883}.AppStore|iPhoneSimulator.ActiveCfg = Release|Any CPU
		{BA9476CF-99BA-4D03-92F2-73D2C5E58883}.AppStore|x86.ActiveCfg = Release|Any CPU
		{BA9476CF-99BA-4D03-92F2-73D2C5E58883}.Debug|Any CPU.ActiveCfg = Debug|Any CPU
		{BA9476CF-99BA-4D03-92F2-73D2C5E58883}.Debug|iPhone.ActiveCfg = Debug|Any CPU
		{BA9476CF-99BA-4D03-92F2-73D2C5E58883}.Debug|iPhoneSimulator.ActiveCfg = Debug|Any CPU
		{BA9476CF-99BA-4D03-92F2-73D2C5E58883}.Debug|x86.ActiveCfg = Debug|Any CPU
		{BA9476CF-99BA-4D03-92F2-73D2C5E58883}.Distribution|Any CPU.ActiveCfg = Debug|Any CPU
		{BA9476CF-99BA-4D03-92F2-73D2C5E58883}.Distribution|iPhone.ActiveCfg = Debug|Any CPU
		{BA9476CF-99BA-4D03-92F2-73D2C5E58883}.Distribution|iPhoneSimulator.ActiveCfg = Debug|Any CPU
		{BA9476CF-99BA-4D03-92F2-73D2C5E58883}.Distribution|x86.ActiveCfg = Debug|Any CPU
		{BA9476CF-99BA-4D03-92F2-73D2C5E58883}.Release|Any CPU.ActiveCfg = Release|Any CPU
		{BA9476CF-99BA-4D03-92F2-73D2C5E58883}.Release|iPhone.ActiveCfg = Release|Any CPU
		{BA9476CF-99BA-4D03-92F2-73D2C5E58883}.Release|iPhoneSimulator.ActiveCfg = Release|Any CPU
		{BA9476CF-99BA-4D03-92F2-73D2C5E58883}.Release|x86.ActiveCfg = Release|Any CPU
		{565129E0-4EE5-4F6F-B403-C3484C9740BE}.Ad-Hoc|Any CPU.ActiveCfg = Release|Any CPU
		{565129E0-4EE5-4F6F-B403-C3484C9740BE}.Ad-Hoc|iPhone.ActiveCfg = Debug|Any CPU
		{565129E0-4EE5-4F6F-B403-C3484C9740BE}.Ad-Hoc|iPhoneSimulator.ActiveCfg = Release|Any CPU
		{565129E0-4EE5-4F6F-B403-C3484C9740BE}.Ad-Hoc|x86.ActiveCfg = Release|Any CPU
		{565129E0-4EE5-4F6F-B403-C3484C9740BE}.AppStore|Any CPU.ActiveCfg = Debug|Any CPU
		{565129E0-4EE5-4F6F-B403-C3484C9740BE}.AppStore|iPhone.ActiveCfg = Debug|Any CPU
		{565129E0-4EE5-4F6F-B403-C3484C9740BE}.AppStore|iPhoneSimulator.ActiveCfg = Release|Any CPU
		{565129E0-4EE5-4F6F-B403-C3484C9740BE}.AppStore|x86.ActiveCfg = Release|Any CPU
		{565129E0-4EE5-4F6F-B403-C3484C9740BE}.Debug|Any CPU.ActiveCfg = Debug|Any CPU
		{565129E0-4EE5-4F6F-B403-C3484C9740BE}.Debug|iPhone.ActiveCfg = Debug|Any CPU
		{565129E0-4EE5-4F6F-B403-C3484C9740BE}.Debug|iPhoneSimulator.ActiveCfg = Debug|Any CPU
		{565129E0-4EE5-4F6F-B403-C3484C9740BE}.Debug|x86.ActiveCfg = Debug|Any CPU
		{565129E0-4EE5-4F6F-B403-C3484C9740BE}.Distribution|Any CPU.ActiveCfg = Debug|Any CPU
		{565129E0-4EE5-4F6F-B403-C3484C9740BE}.Distribution|iPhone.ActiveCfg = Debug|Any CPU
		{565129E0-4EE5-4F6F-B403-C3484C9740BE}.Distribution|iPhoneSimulator.ActiveCfg = Debug|Any CPU
		{565129E0-4EE5-4F6F-B403-C3484C9740BE}.Distribution|x86.ActiveCfg = Debug|Any CPU
		{565129E0-4EE5-4F6F-B403-C3484C9740BE}.Release|Any CPU.ActiveCfg = Release|Any CPU
		{565129E0-4EE5-4F6F-B403-C3484C9740BE}.Release|iPhone.ActiveCfg = Release|Any CPU
		{565129E0-4EE5-4F6F-B403-C3484C9740BE}.Release|iPhoneSimulator.ActiveCfg = Release|Any CPU
		{565129E0-4EE5-4F6F-B403-C3484C9740BE}.Release|x86.ActiveCfg = Release|Any CPU
		{7DE47032-A904-4C29-BD22-2D235E8D91BA}.Ad-Hoc|Any CPU.ActiveCfg = Release|Any CPU
		{7DE47032-A904-4C29-BD22-2D235E8D91BA}.Ad-Hoc|iPhone.ActiveCfg = Debug|Any CPU
		{7DE47032-A904-4C29-BD22-2D235E8D91BA}.Ad-Hoc|iPhoneSimulator.ActiveCfg = Release|Any CPU
		{7DE47032-A904-4C29-BD22-2D235E8D91BA}.Ad-Hoc|x86.ActiveCfg = Release|x86
		{7DE47032-A904-4C29-BD22-2D235E8D91BA}.AppStore|Any CPU.ActiveCfg = Debug|Any CPU
		{7DE47032-A904-4C29-BD22-2D235E8D91BA}.AppStore|iPhone.ActiveCfg = Debug|Any CPU
		{7DE47032-A904-4C29-BD22-2D235E8D91BA}.AppStore|iPhoneSimulator.ActiveCfg = Release|Any CPU
		{7DE47032-A904-4C29-BD22-2D235E8D91BA}.AppStore|x86.ActiveCfg = Release|x86
		{7DE47032-A904-4C29-BD22-2D235E8D91BA}.Debug|Any CPU.ActiveCfg = Debug|Any CPU
		{7DE47032-A904-4C29-BD22-2D235E8D91BA}.Debug|Any CPU.Build.0 = Debug|Any CPU
		{7DE47032-A904-4C29-BD22-2D235E8D91BA}.Debug|iPhone.ActiveCfg = Debug|Any CPU
		{7DE47032-A904-4C29-BD22-2D235E8D91BA}.Debug|iPhoneSimulator.ActiveCfg = Debug|Any CPU
		{7DE47032-A904-4C29-BD22-2D235E8D91BA}.Debug|x86.ActiveCfg = Debug|x86
		{7DE47032-A904-4C29-BD22-2D235E8D91BA}.Distribution|Any CPU.ActiveCfg = Debug|Any CPU
		{7DE47032-A904-4C29-BD22-2D235E8D91BA}.Distribution|iPhone.ActiveCfg = Debug|Any CPU
		{7DE47032-A904-4C29-BD22-2D235E8D91BA}.Distribution|iPhoneSimulator.ActiveCfg = Debug|Any CPU
		{7DE47032-A904-4C29-BD22-2D235E8D91BA}.Distribution|x86.ActiveCfg = Debug|x86
		{7DE47032-A904-4C29-BD22-2D235E8D91BA}.Release|Any CPU.ActiveCfg = Release|Any CPU
		{7DE47032-A904-4C29-BD22-2D235E8D91BA}.Release|iPhone.ActiveCfg = Release|Any CPU
		{7DE47032-A904-4C29-BD22-2D235E8D91BA}.Release|iPhoneSimulator.ActiveCfg = Release|Any CPU
		{7DE47032-A904-4C29-BD22-2D235E8D91BA}.Release|x86.ActiveCfg = Release|x86
		{270CAD73-3A59-48E6-BC39-FB475C321DC0}.Ad-Hoc|Any CPU.ActiveCfg = Release|Any CPU
		{270CAD73-3A59-48E6-BC39-FB475C321DC0}.Ad-Hoc|Any CPU.Build.0 = Release|Any CPU
		{270CAD73-3A59-48E6-BC39-FB475C321DC0}.Ad-Hoc|iPhone.ActiveCfg = Release|Any CPU
		{270CAD73-3A59-48E6-BC39-FB475C321DC0}.Ad-Hoc|iPhoneSimulator.ActiveCfg = Release|Any CPU
		{270CAD73-3A59-48E6-BC39-FB475C321DC0}.Ad-Hoc|x86.ActiveCfg = Release|Any CPU
		{270CAD73-3A59-48E6-BC39-FB475C321DC0}.AppStore|Any CPU.ActiveCfg = Release|Any CPU
		{270CAD73-3A59-48E6-BC39-FB475C321DC0}.AppStore|Any CPU.Build.0 = Release|Any CPU
		{270CAD73-3A59-48E6-BC39-FB475C321DC0}.AppStore|iPhone.ActiveCfg = Release|Any CPU
		{270CAD73-3A59-48E6-BC39-FB475C321DC0}.AppStore|iPhoneSimulator.ActiveCfg = Release|Any CPU
		{270CAD73-3A59-48E6-BC39-FB475C321DC0}.AppStore|x86.ActiveCfg = Release|Any CPU
		{270CAD73-3A59-48E6-BC39-FB475C321DC0}.Debug|Any CPU.ActiveCfg = Debug|Any CPU
		{270CAD73-3A59-48E6-BC39-FB475C321DC0}.Debug|Any CPU.Build.0 = Debug|Any CPU
		{270CAD73-3A59-48E6-BC39-FB475C321DC0}.Debug|iPhone.ActiveCfg = Debug|Any CPU
		{270CAD73-3A59-48E6-BC39-FB475C321DC0}.Debug|iPhoneSimulator.ActiveCfg = Debug|Any CPU
		{270CAD73-3A59-48E6-BC39-FB475C321DC0}.Debug|x86.ActiveCfg = Debug|Any CPU
		{270CAD73-3A59-48E6-BC39-FB475C321DC0}.Distribution|Any CPU.ActiveCfg = Debug|Any CPU
		{270CAD73-3A59-48E6-BC39-FB475C321DC0}.Distribution|Any CPU.Build.0 = Debug|Any CPU
		{270CAD73-3A59-48E6-BC39-FB475C321DC0}.Distribution|iPhone.ActiveCfg = Debug|Any CPU
		{270CAD73-3A59-48E6-BC39-FB475C321DC0}.Distribution|iPhoneSimulator.ActiveCfg = Debug|Any CPU
		{270CAD73-3A59-48E6-BC39-FB475C321DC0}.Distribution|x86.ActiveCfg = Debug|Any CPU
		{270CAD73-3A59-48E6-BC39-FB475C321DC0}.Release|Any CPU.ActiveCfg = Release|Any CPU
		{270CAD73-3A59-48E6-BC39-FB475C321DC0}.Release|Any CPU.Build.0 = Release|Any CPU
		{270CAD73-3A59-48E6-BC39-FB475C321DC0}.Release|iPhone.ActiveCfg = Release|Any CPU
		{270CAD73-3A59-48E6-BC39-FB475C321DC0}.Release|iPhoneSimulator.ActiveCfg = Release|Any CPU
		{270CAD73-3A59-48E6-BC39-FB475C321DC0}.Release|x86.ActiveCfg = Release|Any CPU
	EndGlobalSection
	GlobalSection(NestedProjects) = preSolution
		{573F07AE-0760-4657-B813-ADA206811DED} = {9AA2D63E-0065-4C2A-A7B6-82170CECD6C1}
		{5BB9039F-026C-4848-89B1-44F8B852DEAD} = {9AA2D63E-0065-4C2A-A7B6-82170CECD6C1}
		{4FAF8586-30CB-43AA-ABBC-DD4898E4BC21} = {9AA2D63E-0065-4C2A-A7B6-82170CECD6C1}
		{E80ACB1B-AC80-4059-A7F5-B9A365B29B0A} = {9AA2D63E-0065-4C2A-A7B6-82170CECD6C1}
		{94B42281-900B-40A4-856D-3950B74EB8EA} = {9AA2D63E-0065-4C2A-A7B6-82170CECD6C1}
		{A1531FEE-8850-4F2E-AD82-9208FA826678} = {9AA2D63E-0065-4C2A-A7B6-82170CECD6C1}
		{A81B7AF2-88D8-4031-8084-1BCEC0A5A9A2} = {9AA2D63E-0065-4C2A-A7B6-82170CECD6C1}
		{94B42281-900B-40A4-856D-3950B74EB8EA} = {9AA2D63E-0065-4C2A-A7B6-82170CECD6C1}
		{A1531FEE-8850-4F2E-AD82-9208FA826678} = {9AA2D63E-0065-4C2A-A7B6-82170CECD6C1}
		{47194B3E-F287-44FB-B76E-1AB714D0F202} = {9AA2D63E-0065-4C2A-A7B6-82170CECD6C1}
		{C6DB5D92-8297-4AC6-8BB2-4F9ABB4060B6} = {9AA2D63E-0065-4C2A-A7B6-82170CECD6C1}
		{B1EB5C98-F47F-485D-AE2D-46B4ABF7E78F} = {9AA2D63E-0065-4C2A-A7B6-82170CECD6C1}
		{8097EA40-FDBF-46DD-A08B-746A3F691848} = {4FAF8586-30CB-43AA-ABBC-DD4898E4BC21}
	EndGlobalSection
	GlobalSection(MonoDevelopProperties) = preSolution
		StartupItem = TWAwayDayWeb\TWAwayDayWeb.csproj
	EndGlobalSection
	GlobalSection(SolutionProperties) = preSolution
		HideSolutionNode = FALSE
	EndGlobalSection
EndGlobal
